{
  "version": 4,
  "terraform_version": "1.5.7",
  "serial": 100,
  "lineage": "82ccd799-3cd1-a51d-bc59-314c92b6435c",
  "outputs": {
    "cloud_run_url": {
      "value": "https://restaurant-api-dev-ia-gcfbpra65a-ew.a.run.app",
      "type": "string"
    },
    "cloud_sql_connection": {
      "value": "pruebas-edem-dataproject3:europe-west1:gado-postgres-dev-ia",
      "type": "string"
    },
    "frontend_url": {
      "value": "https://gado-frontend-dev-ia-gcfbpra65a-ew.a.run.app",
      "type": "string"
    }
  },
  "resources": [
    {
      "mode": "data",
      "type": "google_secret_manager_secret_version",
      "name": "firebase_api_key",
      "provider": "provider[\"registry.terraform.io/hashicorp/google\"]",
      "instances": [
        {
          "schema_version": 0,
          "attributes": {
            "create_time": "2026-04-04T23:49:02.090555Z",
            "destroy_time": null,
            "enabled": true,
            "id": "projects/434836706570/secrets/firebase-api-key/versions/1",
            "name": "projects/434836706570/secrets/firebase-api-key/versions/1",
            "project": "pruebas-edem-dataproject3",
            "secret": "firebase-api-key",
            "secret_data": "AIzaSyCX0-9fY8G5wbkfksWTkFseQecl1bRR4zA",
            "version": "1"
          },
          "sensitive_attributes": [
            [
              {
                "type": "get_attr",
                "value": "secret_data"
              }
            ]
          ]
        }
      ]
    },
    {
      "mode": "data",
      "type": "google_secret_manager_secret_version",
      "name": "firebase_app_id",
      "provider": "provider[\"registry.terraform.io/hashicorp/google\"]",
      "instances": [
        {
          "schema_version": 0,
          "attributes": {
            "create_time": "2026-04-04T23:49:16.513954Z",
            "destroy_time": null,
            "enabled": true,
            "id": "projects/434836706570/secrets/firebase-app-id/versions/1",
            "name": "projects/434836706570/secrets/firebase-app-id/versions/1",
            "project": "pruebas-edem-dataproject3",
            "secret": "firebase-app-id",
            "secret_data": "1:434836706570:web:3113f4c65d34c81f3796f3",
            "version": "1"
          },
          "sensitive_attributes": [
            [
              {
                "type": "get_attr",
                "value": "secret_data"
              }
            ]
          ]
        }
      ]
    },
    {
      "mode": "data",
      "type": "google_secret_manager_secret_version",
      "name": "firebase_auth_domain",
      "provider": "provider[\"registry.terraform.io/hashicorp/google\"]",
      "instances": [
        {
          "schema_version": 0,
          "attributes": {
            "create_time": "2026-04-04T23:49:06.252647Z",
            "destroy_time": null,
            "enabled": true,
            "id": "projects/434836706570/secrets/firebase-auth-domain/versions/1",
            "name": "projects/434836706570/secrets/firebase-auth-domain/versions/1",
            "project": "pruebas-edem-dataproject3",
            "secret": "firebase-auth-domain",
            "secret_data": "pruebas-edem-dataproject3.firebaseapp.com",
            "version": "1"
          },
          "sensitive_attributes": [
            [
              {
                "type": "get_attr",
                "value": "secret_data"
              }
            ]
          ]
        }
      ]
    },
    {
      "mode": "data",
      "type": "google_secret_manager_secret_version",
      "name": "firebase_messaging_sender_id",
      "provider": "provider[\"registry.terraform.io/hashicorp/google\"]",
      "instances": [
        {
          "schema_version": 0,
          "attributes": {
            "create_time": "2026-04-04T23:49:13.657265Z",
            "destroy_time": null,
            "enabled": true,
            "id": "projects/434836706570/secrets/firebase-messaging-sender-id/versions/1",
            "name": "projects/434836706570/secrets/firebase-messaging-sender-id/versions/1",
            "project": "pruebas-edem-dataproject3",
            "secret": "firebase-messaging-sender-id",
            "secret_data": "434836706570",
            "version": "1"
          },
          "sensitive_attributes": [
            [
              {
                "type": "get_attr",
                "value": "secret_data"
              }
            ]
          ]
        }
      ]
    },
    {
      "mode": "data",
      "type": "google_secret_manager_secret_version",
      "name": "firebase_storage_bucket",
      "provider": "provider[\"registry.terraform.io/hashicorp/google\"]",
      "instances": [
        {
          "schema_version": 0,
          "attributes": {
            "create_time": "2026-04-04T23:49:09.907301Z",
            "destroy_time": null,
            "enabled": true,
            "id": "projects/434836706570/secrets/firebase-storage-bucket/versions/1",
            "name": "projects/434836706570/secrets/firebase-storage-bucket/versions/1",
            "project": "pruebas-edem-dataproject3",
            "secret": "firebase-storage-bucket",
            "secret_data": "pruebas-edem-dataproject3.firebasestorage.app",
            "version": "1"
          },
          "sensitive_attributes": [
            [
              {
                "type": "get_attr",
                "value": "secret_data"
              }
            ]
          ]
        }
      ]
    },
    {
      "mode": "data",
      "type": "terraform_remote_state",
      "name": "shared",
      "provider": "provider[\"terraform.io/builtin/terraform\"]",
      "instances": [
        {
          "schema_version": 0,
          "attributes": {
            "backend": "gcs",
            "config": {
              "value": {
                "bucket": "pruebas-edem-dataproject3-tfstate",
                "prefix": "terraform/state/shared"
              },
              "type": [
                "object",
                {
                  "bucket": "string",
                  "prefix": "string"
                }
              ]
            },
            "defaults": null,
            "outputs": {
              "value": {
                "registry_build_id": "1420894772261577035",
                "registry_image": "europe-west1-docker.pkg.dev/pruebas-edem-dataproject3/restaurant-api/api:latest"
              },
              "type": [
                "object",
                {
                  "registry_build_id": "string",
                  "registry_image": "string"
                }
              ]
            },
            "workspace": null
          },
          "sensitive_attributes": []
        }
      ]
    },
    {
      "module": "module.apis",
      "mode": "managed",
      "type": "google_project_service",
      "name": "required",
      "provider": "provider[\"registry.terraform.io/hashicorp/google\"]",
      "instances": [
        {
          "index_key": "artifactregistry.googleapis.com",
          "schema_version": 0,
          "attributes": {
            "disable_dependent_services": null,
            "disable_on_destroy": false,
            "id": "pruebas-edem-dataproject3/artifactregistry.googleapis.com",
            "project": "pruebas-edem-dataproject3",
            "service": "artifactregistry.googleapis.com",
            "timeouts": null
          },
          "sensitive_attributes": [],
          "private": "eyJlMmJmYjczMC1lY2FhLTExZTYtOGY4OC0zNDM2M2JjN2M0YzAiOnsiY3JlYXRlIjoxMjAwMDAwMDAwMDAwLCJkZWxldGUiOjEyMDAwMDAwMDAwMDAsInJlYWQiOjYwMDAwMDAwMDAwMCwidXBkYXRlIjoxMjAwMDAwMDAwMDAwfX0="
        },
        {
          "index_key": "bigquery.googleapis.com",
          "schema_version": 0,
          "attributes": {
            "disable_dependent_services": null,
            "disable_on_destroy": false,
            "id": "pruebas-edem-dataproject3/bigquery.googleapis.com",
            "project": "pruebas-edem-dataproject3",
            "service": "bigquery.googleapis.com",
            "timeouts": null
          },
          "sensitive_attributes": [],
          "private": "eyJlMmJmYjczMC1lY2FhLTExZTYtOGY4OC0zNDM2M2JjN2M0YzAiOnsiY3JlYXRlIjoxMjAwMDAwMDAwMDAwLCJkZWxldGUiOjEyMDAwMDAwMDAwMDAsInJlYWQiOjYwMDAwMDAwMDAwMCwidXBkYXRlIjoxMjAwMDAwMDAwMDAwfX0="
        },
        {
          "index_key": "cloudresourcemanager.googleapis.com",
          "schema_version": 0,
          "attributes": {
            "disable_dependent_services": null,
            "disable_on_destroy": false,
            "id": "pruebas-edem-dataproject3/cloudresourcemanager.googleapis.com",
            "project": "pruebas-edem-dataproject3",
            "service": "cloudresourcemanager.googleapis.com",
            "timeouts": null
          },
          "sensitive_attributes": [],
          "private": "eyJlMmJmYjczMC1lY2FhLTExZTYtOGY4OC0zNDM2M2JjN2M0YzAiOnsiY3JlYXRlIjoxMjAwMDAwMDAwMDAwLCJkZWxldGUiOjEyMDAwMDAwMDAwMDAsInJlYWQiOjYwMDAwMDAwMDAwMCwidXBkYXRlIjoxMjAwMDAwMDAwMDAwfX0="
        },
        {
          "index_key": "firebase.googleapis.com",
          "schema_version": 0,
          "attributes": {
            "disable_dependent_services": null,
            "disable_on_destroy": false,
            "id": "pruebas-edem-dataproject3/firebase.googleapis.com",
            "project": "pruebas-edem-dataproject3",
            "service": "firebase.googleapis.com",
            "timeouts": null
          },
          "sensitive_attributes": [],
          "private": "eyJlMmJmYjczMC1lY2FhLTExZTYtOGY4OC0zNDM2M2JjN2M0YzAiOnsiY3JlYXRlIjoxMjAwMDAwMDAwMDAwLCJkZWxldGUiOjEyMDAwMDAwMDAwMDAsInJlYWQiOjYwMDAwMDAwMDAwMCwidXBkYXRlIjoxMjAwMDAwMDAwMDAwfX0="
        },
        {
          "index_key": "firestore.googleapis.com",
          "schema_version": 0,
          "attributes": {
            "disable_dependent_services": null,
            "disable_on_destroy": false,
            "id": "pruebas-edem-dataproject3/firestore.googleapis.com",
            "project": "pruebas-edem-dataproject3",
            "service": "firestore.googleapis.com",
            "timeouts": null
          },
          "sensitive_attributes": [],
          "private": "eyJlMmJmYjczMC1lY2FhLTExZTYtOGY4OC0zNDM2M2JjN2M0YzAiOnsiY3JlYXRlIjoxMjAwMDAwMDAwMDAwLCJkZWxldGUiOjEyMDAwMDAwMDAwMDAsInJlYWQiOjYwMDAwMDAwMDAwMCwidXBkYXRlIjoxMjAwMDAwMDAwMDAwfX0="
        },
        {
          "index_key": "iam.googleapis.com",
          "schema_version": 0,
          "attributes": {
            "disable_dependent_services": null,
            "disable_on_destroy": false,
            "id": "pruebas-edem-dataproject3/iam.googleapis.com",
            "project": "pruebas-edem-dataproject3",
            "service": "iam.googleapis.com",
            "timeouts": null
          },
          "sensitive_attributes": [],
          "private": "eyJlMmJmYjczMC1lY2FhLTExZTYtOGY4OC0zNDM2M2JjN2M0YzAiOnsiY3JlYXRlIjoxMjAwMDAwMDAwMDAwLCJkZWxldGUiOjEyMDAwMDAwMDAwMDAsInJlYWQiOjYwMDAwMDAwMDAwMCwidXBkYXRlIjoxMjAwMDAwMDAwMDAwfX0="
        },
        {
          "index_key": "identitytoolkit.googleapis.com",
          "schema_version": 0,
          "attributes": {
            "disable_dependent_services": null,
            "disable_on_destroy": false,
            "id": "pruebas-edem-dataproject3/identitytoolkit.googleapis.com",
            "project": "pruebas-edem-dataproject3",
            "service": "identitytoolkit.googleapis.com",
            "timeouts": null
          },
          "sensitive_attributes": [],
          "private": "eyJlMmJmYjczMC1lY2FhLTExZTYtOGY4OC0zNDM2M2JjN2M0YzAiOnsiY3JlYXRlIjoxMjAwMDAwMDAwMDAwLCJkZWxldGUiOjEyMDAwMDAwMDAwMDAsInJlYWQiOjYwMDAwMDAwMDAwMCwidXBkYXRlIjoxMjAwMDAwMDAwMDAwfX0="
        },
        {
          "index_key": "run.googleapis.com",
          "schema_version": 0,
          "attributes": {
            "disable_dependent_services": null,
            "disable_on_destroy": false,
            "id": "pruebas-edem-dataproject3/run.googleapis.com",
            "project": "pruebas-edem-dataproject3",
            "service": "run.googleapis.com",
            "timeouts": null
          },
          "sensitive_attributes": [],
          "private": "eyJlMmJmYjczMC1lY2FhLTExZTYtOGY4OC0zNDM2M2JjN2M0YzAiOnsiY3JlYXRlIjoxMjAwMDAwMDAwMDAwLCJkZWxldGUiOjEyMDAwMDAwMDAwMDAsInJlYWQiOjYwMDAwMDAwMDAwMCwidXBkYXRlIjoxMjAwMDAwMDAwMDAwfX0="
        },
        {
          "index_key": "secretmanager.googleapis.com",
          "schema_version": 0,
          "attributes": {
            "disable_dependent_services": null,
            "disable_on_destroy": false,
            "id": "pruebas-edem-dataproject3/secretmanager.googleapis.com",
            "project": "pruebas-edem-dataproject3",
            "service": "secretmanager.googleapis.com",
            "timeouts": null
          },
          "sensitive_attributes": [],
          "private": "eyJlMmJmYjczMC1lY2FhLTExZTYtOGY4OC0zNDM2M2JjN2M0YzAiOnsiY3JlYXRlIjoxMjAwMDAwMDAwMDAwLCJkZWxldGUiOjEyMDAwMDAwMDAwMDAsInJlYWQiOjYwMDAwMDAwMDAwMCwidXBkYXRlIjoxMjAwMDAwMDAwMDAwfX0="
        },
        {
          "index_key": "sqladmin.googleapis.com",
          "schema_version": 0,
          "attributes": {
            "disable_dependent_services": null,
            "disable_on_destroy": false,
            "id": "pruebas-edem-dataproject3/sqladmin.googleapis.com",
            "project": "pruebas-edem-dataproject3",
            "service": "sqladmin.googleapis.com",
            "timeouts": null
          },
          "sensitive_attributes": [],
          "private": "eyJlMmJmYjczMC1lY2FhLTExZTYtOGY4OC0zNDM2M2JjN2M0YzAiOnsiY3JlYXRlIjoxMjAwMDAwMDAwMDAwLCJkZWxldGUiOjEyMDAwMDAwMDAwMDAsInJlYWQiOjYwMDAwMDAwMDAwMCwidXBkYXRlIjoxMjAwMDAwMDAwMDAwfX0="
        }
      ]
    },
    {
      "module": "module.cloud_run",
      "mode": "managed",
      "type": "google_cloud_run_v2_service",
      "name": "api",
      "provider": "provider[\"registry.terraform.io/hashicorp/google\"]",
      "instances": [
        {
          "schema_version": 0,
          "attributes": {
            "annotations": {},
            "binary_authorization": [],
            "client": "",
            "client_version": "",
            "conditions": [
              {
                "execution_reason": "",
                "last_transition_time": "2026-04-26T11:28:40.703877Z",
                "message": "",
                "reason": "",
                "revision_reason": "",
                "severity": "",
                "state": "CONDITION_SUCCEEDED",
                "type": "RoutesReady"
              },
              {
                "execution_reason": "",
                "last_transition_time": "2026-04-26T11:28:27.581129Z",
                "message": "",
                "reason": "",
                "revision_reason": "",
                "severity": "",
                "state": "CONDITION_SUCCEEDED",
                "type": "ConfigurationsReady"
              }
            ],
            "create_time": "2026-04-09T19:24:45.123922Z",
            "creator": "pgaespdata@gmail.com",
            "custom_audiences": [],
            "delete_time": "",
            "description": "",
            "effective_annotations": {},
            "effective_labels": {},
            "etag": "\"CNrtt88GELin-cIB/cHJvamVjdHMvcHJ1ZWJhcy1lZGVtLWRhdGFwcm9qZWN0My9sb2NhdGlvbnMvZXVyb3BlLXdlc3QxL3NlcnZpY2VzL3Jlc3RhdXJhbnQtYXBpLWRldi1pYQ\"",
            "expire_time": "",
            "generation": "11",
            "id": "projects/pruebas-edem-dataproject3/locations/europe-west1/services/restaurant-api-dev-ia",
            "ingress": "INGRESS_TRAFFIC_ALL",
            "labels": {},
            "last_modifier": "fatimatoses57@gmail.com",
            "latest_created_revision": "projects/pruebas-edem-dataproject3/locations/europe-west1/services/restaurant-api-dev-ia/revisions/restaurant-api-dev-ia-00011-96f",
            "latest_ready_revision": "projects/pruebas-edem-dataproject3/locations/europe-west1/services/restaurant-api-dev-ia/revisions/restaurant-api-dev-ia-00011-96f",
            "launch_stage": "GA",
            "location": "europe-west1",
            "name": "restaurant-api-dev-ia",
            "observed_generation": "11",
            "project": "pruebas-edem-dataproject3",
            "reconciling": false,
            "template": [
              {
                "annotations": {
                  "build-id": "1420894772261577035"
                },
                "containers": [
                  {
                    "args": [],
                    "command": [],
                    "depends_on": [],
                    "env": [
                      {
                        "name": "DATABASE_URL",
                        "value": "",
                        "value_source": [
                          {
                            "secret_key_ref": [
                              {
                                "secret": "database-url-dev-ia",
                                "version": "latest"
                              }
                            ]
                          }
                        ]
                      },
                      {
                        "name": "BRAIN_PROVIDER",
                        "value": "gemini",
                        "value_source": []
                      },
                      {
                        "name": "GEOAPIFY_API_KEY",
                        "value": "",
                        "value_source": [
                          {
                            "secret_key_ref": [
                              {
                                "secret": "geoapify-api-key",
                                "version": "latest"
                              }
                            ]
                          }
                        ]
                      },
                      {
                        "name": "GOOGLE_GENAI_API_KEY",
                        "value": "",
                        "value_source": [
                          {
                            "secret_key_ref": [
                              {
                                "secret": "google-genai-api-key",
                                "version": "latest"
                              }
                            ]
                          }
                        ]
                      },
                      {
                        "name": "GOOGLE_MAPS_API_KEY",
                        "value": "",
                        "value_source": [
                          {
                            "secret_key_ref": [
                              {
                                "secret": "google-maps-api-key",
                                "version": "latest"
                              }
                            ]
                          }
                        ]
                      },
                      {
                        "name": "GROQ_API_KEY",
                        "value": "",
                        "value_source": [
                          {
                            "secret_key_ref": [
                              {
                                "secret": "groq-api-key",
                                "version": "latest"
                              }
                            ]
                          }
                        ]
                      },
                      {
                        "name": "HERE_API_KEY",
                        "value": "",
                        "value_source": [
                          {
                            "secret_key_ref": [
                              {
                                "secret": "here-api-key",
                                "version": "latest"
                              }
                            ]
                          }
                        ]
                      },
                      {
                        "name": "OPENROUTER_API_KEY",
                        "value": "",
                        "value_source": [
                          {
                            "secret_key_ref": [
                              {
                                "secret": "openrouter-api-key",
                                "version": "latest"
                              }
                            ]
                          }
                        ]
                      },
                      {
                        "name": "TRIPADVISOR_API_KEY",
                        "value": "",
                        "value_source": [
                          {
                            "secret_key_ref": [
                              {
                                "secret": "tripadvisor-api-key",
                                "version": "latest"
                              }
                            ]
                          }
                        ]
                      },
                      {
                        "name": "YELP_API_KEY",
                        "value": "",
                        "value_source": [
                          {
                            "secret_key_ref": [
                              {
                                "secret": "yelp-api-key",
                                "version": "latest"
                              }
                            ]
                          }
                        ]
                      }
                    ],
                    "image": "europe-west1-docker.pkg.dev/pruebas-edem-dataproject3/restaurant-api/api:latest",
                    "liveness_probe": [],
                    "name": "",
                    "ports": [
                      {
                        "container_port": 8080,
                        "name": "http1"
                      }
                    ],
                    "resources": [
                      {
                        "cpu_idle": false,
                        "limits": {
                          "cpu": "1",
                          "memory": "512Mi"
                        },
                        "startup_cpu_boost": false
                      }
                    ],
                    "startup_probe": [
                      {
                        "failure_threshold": 1,
                        "grpc": [],
                        "http_get": [],
                        "initial_delay_seconds": 0,
                        "period_seconds": 240,
                        "tcp_socket": [
                          {
                            "port": 8080
                          }
                        ],
                        "timeout_seconds": 240
                      }
                    ],
                    "volume_mounts": [
                      {
                        "mount_path": "/cloudsql",
                        "name": "cloudsql"
                      }
                    ],
                    "working_dir": ""
                  }
                ],
                "encryption_key": "",
                "execution_environment": "",
                "labels": {},
                "max_instance_request_concurrency": 80,
                "revision": "",
                "scaling": [
                  {
                    "max_instance_count": 10,
                    "min_instance_count": 0
                  }
                ],
                "service_account": "cloud-run-api@pruebas-edem-dataproject3.iam.gserviceaccount.com",
                "session_affinity": false,
                "timeout": "300s",
                "volumes": [
                  {
                    "cloud_sql_instance": [
                      {
                        "instances": [
                          "pruebas-edem-dataproject3:europe-west1:gado-postgres-dev-ia"
                        ]
                      }
                    ],
                    "gcs": [],
                    "name": "cloudsql",
                    "nfs": [],
                    "secret": []
                  }
                ],
                "vpc_access": []
              }
            ],
            "terminal_condition": [
              {
                "execution_reason": "",
                "last_transition_time": "2026-04-26T11:28:40.764564Z",
                "message": "",
                "reason": "",
                "revision_reason": "",
                "severity": "",
                "state": "CONDITION_SUCCEEDED",
                "type": "Ready"
              }
            ],
            "terraform_labels": {},
            "timeouts": null,
            "traffic": [
              {
                "percent": 100,
                "revision": "",
                "tag": "",
                "type": "TRAFFIC_TARGET_ALLOCATION_TYPE_LATEST"
              }
            ],
            "traffic_statuses": [
              {
                "percent": 100,
                "revision": "",
                "tag": "",
                "type": "TRAFFIC_TARGET_ALLOCATION_TYPE_LATEST",
                "uri": ""
              }
            ],
            "uid": "52e29904-4f68-43ce-8e15-53fa7fa483ff",
            "update_time": "2026-04-26T11:28:26.408835Z",
            "uri": "https://restaurant-api-dev-ia-gcfbpra65a-ew.a.run.app"
          },
          "sensitive_attributes": [],
          "private": "eyJlMmJmYjczMC1lY2FhLTExZTYtOGY4OC0zNDM2M2JjN2M0YzAiOnsiY3JlYXRlIjoxMjAwMDAwMDAwMDAwLCJkZWxldGUiOjEyMDAwMDAwMDAwMDAsInVwZGF0ZSI6MTIwMDAwMDAwMDAwMH19",
          "dependencies": [
            "data.terraform_remote_state.shared",
            "module.apis.google_project_service.required",
            "module.cloud_run.google_service_account.cloud_run",
            "module.cloud_sql.google_secret_manager_secret.database_url",
            "module.cloud_sql.google_secret_manager_secret_version.database_url",
            "module.cloud_sql.google_sql_database.gado",
            "module.cloud_sql.google_sql_database_instance.main",
            "module.cloud_sql.google_sql_user.app",
            "module.cloud_sql.random_password.db_password"
          ]
        }
      ]
    },
    {
      "module": "module.cloud_run",
      "mode": "managed",
      "type": "google_service_account",
      "name": "cloud_run",
      "provider": "provider[\"registry.terraform.io/hashicorp/google\"]",
      "instances": [
        {
          "schema_version": 0,
          "attributes": {
            "account_id": "cloud-run-api",
            "create_ignore_already_exists": null,
            "description": "",
            "disabled": false,
            "display_name": "Cloud Run API SA",
            "email": "cloud-run-api@pruebas-edem-dataproject3.iam.gserviceaccount.com",
            "id": "projects/pruebas-edem-dataproject3/serviceAccounts/cloud-run-api@pruebas-edem-dataproject3.iam.gserviceaccount.com",
            "member": "serviceAccount:cloud-run-api@pruebas-edem-dataproject3.iam.gserviceaccount.com",
            "name": "projects/pruebas-edem-dataproject3/serviceAccounts/cloud-run-api@pruebas-edem-dataproject3.iam.gserviceaccount.com",
            "project": "pruebas-edem-dataproject3",
            "timeouts": null,
            "unique_id": "107076214884518477718"
          },
          "sensitive_attributes": [],
          "private": "eyJlMmJmYjczMC1lY2FhLTExZTYtOGY4OC0zNDM2M2JjN2M0YzAiOnsiY3JlYXRlIjozMDAwMDAwMDAwMDB9LCJzY2hlbWFfdmVyc2lvbiI6IjAifQ==",
          "dependencies": [
            "module.apis.google_project_service.required",
            "module.cloud_sql.google_secret_manager_secret.database_url",
            "module.cloud_sql.google_secret_manager_secret_version.database_url",
            "module.cloud_sql.google_sql_database.gado",
            "module.cloud_sql.google_sql_database_instance.main",
            "module.cloud_sql.google_sql_user.app",
            "module.cloud_sql.random_password.db_password"
          ]
        }
      ]
    },
    {
      "module": "module.cloud_run_frontend",
      "mode": "managed",
      "type": "google_cloud_run_v2_service",
      "name": "frontend",
      "provider": "provider[\"registry.terraform.io/hashicorp/google\"]",
      "instances": [
        {
          "schema_version": 0,
          "attributes": {
            "annotations": {},
            "binary_authorization": [],
            "client": "",
            "client_version": "",
            "conditions": [
              {
                "execution_reason": "",
                "last_transition_time": "2026-04-26T11:49:01.216457Z",
                "message": "",
                "reason": "",
                "revision_reason": "",
                "severity": "",
                "state": "CONDITION_SUCCEEDED",
                "type": "RoutesReady"
              },
              {
                "execution_reason": "",
                "last_transition_time": "2026-04-26T11:48:58.039357Z",
                "message": "",
                "reason": "",
                "revision_reason": "",
                "severity": "",
                "state": "CONDITION_SUCCEEDED",
                "type": "ConfigurationsReady"
              }
            ],
            "create_time": "2026-04-09T19:47:44.058077Z",
            "creator": "pgaespdata@gmail.com",
            "custom_audiences": [],
            "delete_time": "",
            "description": "",
            "effective_annotations": {},
            "effective_labels": {},
            "etag": "\"CKj3t88GEJj86JkD/cHJvamVjdHMvcHJ1ZWJhcy1lZGVtLWRhdGFwcm9qZWN0My9sb2NhdGlvbnMvZXVyb3BlLXdlc3QxL3NlcnZpY2VzL2dhZG8tZnJvbnRlbmQtZGV2LWlh\"",
            "expire_time": "",
            "generation": "22",
            "id": "projects/pruebas-edem-dataproject3/locations/europe-west1/services/gado-frontend-dev-ia",
            "ingress": "INGRESS_TRAFFIC_ALL",
            "labels": {},
            "last_modifier": "fatimatoses57@gmail.com",
            "latest_created_revision": "projects/pruebas-edem-dataproject3/locations/europe-west1/services/gado-frontend-dev-ia/revisions/gado-frontend-dev-ia-00022-k8p",
            "latest_ready_revision": "projects/pruebas-edem-dataproject3/locations/europe-west1/services/gado-frontend-dev-ia/revisions/gado-frontend-dev-ia-00022-k8p",
            "launch_stage": "GA",
            "location": "europe-west1",
            "name": "gado-frontend-dev-ia",
            "observed_generation": "22",
            "project": "pruebas-edem-dataproject3",
            "reconciling": false,
            "template": [
              {
                "annotations": {
                  "build-id": "4504759503287092262"
                },
                "containers": [
                  {
                    "args": [],
                    "command": [],
                    "depends_on": [],
                    "env": [
                      {
                        "name": "EXPO_PUBLIC_BACKEND_URL",
                        "value": "https://restaurant-api-dev-ia-gcfbpra65a-ew.a.run.app",
                        "value_source": []
                      },
                      {
                        "name": "EXPO_PUBLIC_FIREBASE_API_KEY",
                        "value": "AIzaSyCX0-9fY8G5wbkfksWTkFseQecl1bRR4zA",
                        "value_source": []
                      },
                      {
                        "name": "EXPO_PUBLIC_FIREBASE_AUTH_DOMAIN",
                        "value": "pruebas-edem-dataproject3.firebaseapp.com",
                        "value_source": []
                      },
                      {
                        "name": "EXPO_PUBLIC_FIREBASE_PROJECT_ID",
                        "value": "pruebas-edem-dataproject3",
                        "value_source": []
                      },
                      {
                        "name": "EXPO_PUBLIC_FIREBASE_STORAGE_BUCKET",
                        "value": "pruebas-edem-dataproject3.firebasestorage.app",
                        "value_source": []
                      },
                      {
                        "name": "EXPO_PUBLIC_FIREBASE_MESSAGING_SENDER_ID",
                        "value": "434836706570",
                        "value_source": []
                      },
                      {
                        "name": "EXPO_PUBLIC_FIREBASE_APP_ID",
                        "value": "1:434836706570:web:3113f4c65d34c81f3796f3",
                        "value_source": []
                      }
                    ],
                    "image": "europe-west1-docker.pkg.dev/pruebas-edem-dataproject3/frontend-dev-ia/frontend:latest",
                    "liveness_probe": [],
                    "name": "",
                    "ports": [
                      {
                        "container_port": 80,
                        "name": "http1"
                      }
                    ],
                    "resources": [
                      {
                        "cpu_idle": false,
                        "limits": {
                          "cpu": "1",
                          "memory": "512Mi"
                        },
                        "startup_cpu_boost": false
                      }
                    ],
                    "startup_probe": [
                      {
                        "failure_threshold": 1,
                        "grpc": [],
                        "http_get": [],
                        "initial_delay_seconds": 0,
                        "period_seconds": 240,
                        "tcp_socket": [
                          {
                            "port": 80
                          }
                        ],
                        "timeout_seconds": 240
                      }
                    ],
                    "volume_mounts": [],
                    "working_dir": ""
                  }
                ],
                "encryption_key": "",
                "execution_environment": "",
                "labels": {},
                "max_instance_request_concurrency": 80,
                "revision": "",
                "scaling": [
                  {
                    "max_instance_count": 5,
                    "min_instance_count": 0
                  }
                ],
                "service_account": "434836706570-compute@developer.gserviceaccount.com",
                "session_affinity": false,
                "timeout": "300s",
                "volumes": [],
                "vpc_access": []
              }
            ],
            "terminal_condition": [
              {
                "execution_reason": "",
                "last_transition_time": "2026-04-26T11:49:01.251266Z",
                "message": "",
                "reason": "",
                "revision_reason": "",
                "severity": "",
                "state": "CONDITION_SUCCEEDED",
                "type": "Ready"
              }
            ],
            "terraform_labels": {},
            "timeouts": null,
            "traffic": [
              {
                "percent": 100,
                "revision": "",
                "tag": "",
                "type": "TRAFFIC_TARGET_ALLOCATION_TYPE_LATEST"
              }
            ],
            "traffic_statuses": [
              {
                "percent": 100,
                "revision": "",
                "tag": "",
                "type": "TRAFFIC_TARGET_ALLOCATION_TYPE_LATEST",
                "uri": ""
              }
            ],
            "uid": "c9533665-569e-4489-9fbd-8a4b2b5f2a01",
            "update_time": "2026-04-26T11:48:56.859455Z",
            "uri": "https://gado-frontend-dev-ia-gcfbpra65a-ew.a.run.app"
          },
          "sensitive_attributes": [
            [
              {
                "type": "get_attr",
                "value": "template"
              },
              {
                "type": "index",
                "value": {
                  "value": 0,
                  "type": "number"
                }
              },
              {
                "type": "get_attr",
                "value": "containers"
              },
              {
                "type": "index",
                "value": {
                  "value": 0,
                  "type": "number"
                }
              },
              {
                "type": "get_attr",
                "value": "env"
              },
              {
                "type": "index",
                "value": {
                  "value": 1,
                  "type": "number"
                }
              },
              {
                "type": "get_attr",
                "value": "value"
              }
            ],
            [
              {
                "type": "get_attr",
                "value": "template"
              },
              {
                "type": "index",
                "value": {
                  "value": 0,
                  "type": "number"
                }
              },
              {
                "type": "get_attr",
                "value": "containers"
              },
              {
                "type": "index",
                "value": {
                  "value": 0,
                  "type": "number"
                }
              },
              {
                "type": "get_attr",
                "value": "env"
              },
              {
                "type": "index",
                "value": {
                  "value": 2,
                  "type": "number"
                }
              },
              {
                "type": "get_attr",
                "value": "value"
              }
            ],
            [
              {
                "type": "get_attr",
                "value": "template"
              },
              {
                "type": "index",
                "value": {
                  "value": 0,
                  "type": "number"
                }
              },
              {
                "type": "get_attr",
                "value": "containers"
              },
              {
                "type": "index",
                "value": {
                  "value": 0,
                  "type": "number"
                }
              },
              {
                "type": "get_attr",
                "value": "env"
              },
              {
                "type": "index",
                "value": {
                  "value": 4,
                  "type": "number"
                }
              },
              {
                "type": "get_attr",
                "value": "value"
              }
            ],
            [
              {
                "type": "get_attr",
                "value": "template"
              },
              {
                "type": "index",
                "value": {
                  "value": 0,
                  "type": "number"
                }
              },
              {
                "type": "get_attr",
                "value": "containers"
              },
              {
                "type": "index",
                "value": {
                  "value": 0,
                  "type": "number"
                }
              },
              {
                "type": "get_attr",
                "value": "env"
              },
              {
                "type": "index",
                "value": {
                  "value": 5,
                  "type": "number"
                }
              },
              {
                "type": "get_attr",
                "value": "value"
              }
            ],
            [
              {
                "type": "get_attr",
                "value": "template"
              },
              {
                "type": "index",
                "value": {
                  "value": 0,
                  "type": "number"
                }
              },
              {
                "type": "get_attr",
                "value": "containers"
              },
              {
                "type": "index",
                "value": {
                  "value": 0,
                  "type": "number"
                }
              },
              {
                "type": "get_attr",
                "value": "env"
              },
              {
                "type": "index",
                "value": {
                  "value": 6,
                  "type": "number"
                }
              },
              {
                "type": "get_attr",
                "value": "value"
              }
            ]
          ],
          "private": "eyJlMmJmYjczMC1lY2FhLTExZTYtOGY4OC0zNDM2M2JjN2M0YzAiOnsiY3JlYXRlIjoxMjAwMDAwMDAwMDAwLCJkZWxldGUiOjEyMDAwMDAwMDAwMDAsInVwZGF0ZSI6MTIwMDAwMDAwMDAwMH19",
          "dependencies": [
            "data.google_secret_manager_secret_version.firebase_api_key",
            "data.google_secret_manager_secret_version.firebase_app_id",
            "data.google_secret_manager_secret_version.firebase_auth_domain",
            "data.google_secret_manager_secret_version.firebase_messaging_sender_id",
            "data.google_secret_manager_secret_version.firebase_storage_bucket",
            "data.terraform_remote_state.shared",
            "module.apis.google_project_service.required",
            "module.cloud_run.google_cloud_run_v2_service.api",
            "module.cloud_run.google_service_account.cloud_run",
            "module.cloud_sql.google_secret_manager_secret.database_url",
            "module.cloud_sql.google_secret_manager_secret_version.database_url",
            "module.cloud_sql.google_sql_database.gado",
            "module.cloud_sql.google_sql_database_instance.main",
            "module.cloud_sql.google_sql_user.app",
            "module.cloud_sql.random_password.db_password",
            "module.registry_frontend.google_artifact_registry_repository.frontend",
            "module.registry_frontend.null_resource.docker_build_push"
          ]
        }
      ]
    },
    {
      "module": "module.cloud_run_frontend",
      "mode": "managed",
      "type": "google_cloud_run_v2_service_iam_member",
      "name": "public",
      "provider": "provider[\"registry.terraform.io/hashicorp/google\"]",
      "instances": [
        {
          "schema_version": 0,
          "attributes": {
            "condition": [],
            "etag": "BwZPDFA/DHc=",
            "id": "projects/pruebas-edem-dataproject3/locations/europe-west1/services/gado-frontend-dev-ia/roles/run.invoker/allUsers",
            "location": "europe-west1",
            "member": "allUsers",
            "name": "projects/pruebas-edem-dataproject3/locations/europe-west1/services/gado-frontend-dev-ia",
            "project": "pruebas-edem-dataproject3",
            "role": "roles/run.invoker"
          },
          "sensitive_attributes": [],
          "private": "bnVsbA==",
          "dependencies": [
            "data.google_secret_manager_secret_version.firebase_api_key",
            "data.google_secret_manager_secret_version.firebase_app_id",
            "data.google_secret_manager_secret_version.firebase_auth_domain",
            "data.google_secret_manager_secret_version.firebase_messaging_sender_id",
            "data.google_secret_manager_secret_version.firebase_storage_bucket",
            "data.terraform_remote_state.shared",
            "module.apis.google_project_service.required",
            "module.cloud_run.google_cloud_run_v2_service.api",
            "module.cloud_run.google_service_account.cloud_run",
            "module.cloud_run_frontend.google_cloud_run_v2_service.frontend",
            "module.cloud_sql.google_secret_manager_secret.database_url",
            "module.cloud_sql.google_secret_manager_secret_version.database_url",
            "module.cloud_sql.google_sql_database.gado",
            "module.cloud_sql.google_sql_database_instance.main",
            "module.cloud_sql.google_sql_user.app",
            "module.cloud_sql.random_password.db_password",
            "module.registry_frontend.google_artifact_registry_repository.frontend",
            "module.registry_frontend.null_resource.docker_build_push"
          ]
        }
      ]
    },
    {
      "module": "module.cloud_sql",
      "mode": "managed",
      "type": "google_secret_manager_secret",
      "name": "database_url",
      "provider": "provider[\"registry.terraform.io/hashicorp/google\"]",
      "instances": [
        {
          "schema_version": 0,
          "attributes": {
            "annotations": {},
            "create_time": "2026-04-09T18:53:42.162266Z",
            "effective_annotations": {},
            "effective_labels": {},
            "expire_time": "",
            "id": "projects/pruebas-edem-dataproject3/secrets/database-url-dev-ia",
            "labels": {},
            "name": "projects/434836706570/secrets/database-url-dev-ia",
            "project": "pruebas-edem-dataproject3",
            "replication": [
              {
                "auto": [
                  {
                    "customer_managed_encryption": []
                  }
                ],
                "user_managed": []
              }
            ],
            "rotation": [],
            "secret_id": "database-url-dev-ia",
            "terraform_labels": {},
            "timeouts": null,
            "topics": [],
            "ttl": null,
            "version_aliases": {},
            "version_destroy_ttl": ""
          },
          "sensitive_attributes": [],
          "private": "eyJlMmJmYjczMC1lY2FhLTExZTYtOGY4OC0zNDM2M2JjN2M0YzAiOnsiY3JlYXRlIjoxMjAwMDAwMDAwMDAwLCJkZWxldGUiOjEyMDAwMDAwMDAwMDAsInVwZGF0ZSI6MTIwMDAwMDAwMDAwMH19",
          "dependencies": [
            "module.apis.google_project_service.required"
          ]
        }
      ]
    },
    {
      "module": "module.cloud_sql",
      "mode": "managed",
      "type": "google_secret_manager_secret_version",
      "name": "database_url",
      "provider": "provider[\"registry.terraform.io/hashicorp/google\"]",
      "instances": [
        {
          "schema_version": 0,
          "attributes": {
            "create_time": "2026-04-09T19:24:43.398691Z",
            "deletion_policy": "DELETE",
            "destroy_time": "",
            "enabled": true,
            "id": "projects/434836706570/secrets/database-url-dev-ia/versions/1",
            "is_secret_data_base64": false,
            "name": "projects/434836706570/secrets/database-url-dev-ia/versions/1",
            "secret": "projects/pruebas-edem-dataproject3/secrets/database-url-dev-ia",
            "secret_data": "postgresql://gado_app:ht7Q1RqaZu4mFOiKXEasM2JS5TMY4HgJ@/gado?host=/cloudsql/pruebas-edem-dataproject3:europe-west1:gado-postgres-dev-ia",
            "timeouts": null,
            "version": "1"
          },
          "sensitive_attributes": [
            [
              {
                "type": "get_attr",
                "value": "secret_data"
              }
            ]
          ],
          "private": "eyJlMmJmYjczMC1lY2FhLTExZTYtOGY4OC0zNDM2M2JjN2M0YzAiOnsiY3JlYXRlIjoxMjAwMDAwMDAwMDAwLCJkZWxldGUiOjEyMDAwMDAwMDAwMDAsInVwZGF0ZSI6MTIwMDAwMDAwMDAwMH19",
          "dependencies": [
            "module.apis.google_project_service.required",
            "module.cloud_sql.google_secret_manager_secret.database_url",
            "module.cloud_sql.google_sql_database.gado",
            "module.cloud_sql.google_sql_database_instance.main",
            "module.cloud_sql.random_password.db_password"
          ]
        }
      ]
    },
    {
      "module": "module.cloud_sql",
      "mode": "managed",
      "type": "google_sql_database",
      "name": "gado",
      "provider": "provider[\"registry.terraform.io/hashicorp/google\"]",
      "instances": [
        {
          "schema_version": 0,
          "attributes": {
            "charset": "UTF8",
            "collation": "en_US.UTF8",
            "deletion_policy": "DELETE",
            "id": "projects/pruebas-edem-dataproject3/instances/gado-postgres-dev-ia/databases/gado",
            "instance": "gado-postgres-dev-ia",
            "name": "gado",
            "project": "pruebas-edem-dataproject3",
            "self_link": "https://sqladmin.googleapis.com/sql/v1beta4/projects/pruebas-edem-dataproject3/instances/gado-postgres-dev-ia/databases/gado",
            "timeouts": null
          },
          "sensitive_attributes": [],
          "private": "eyJlMmJmYjczMC1lY2FhLTExZTYtOGY4OC0zNDM2M2JjN2M0YzAiOnsiY3JlYXRlIjoxMjAwMDAwMDAwMDAwLCJkZWxldGUiOjEyMDAwMDAwMDAwMDAsInVwZGF0ZSI6MTIwMDAwMDAwMDAwMH19",
          "dependencies": [
            "module.apis.google_project_service.required",
            "module.cloud_sql.google_sql_database_instance.main"
          ]
        }
      ]
    },
    {
      "module": "module.cloud_sql",
      "mode": "managed",
      "type": "google_sql_database_instance",
      "name": "main",
      "provider": "provider[\"registry.terraform.io/hashicorp/google\"]",
      "instances": [
        {
          "schema_version": 0,
          "attributes": {
            "available_maintenance_versions": [],
            "clone": [],
            "connection_name": "pruebas-edem-dataproject3:europe-west1:gado-postgres-dev-ia",
            "database_version": "POSTGRES_15",
            "deletion_protection": false,
            "dns_name": "",
            "encryption_key_name": null,
            "first_ip_address": "35.189.198.157",
            "id": "gado-postgres-dev-ia",
            "instance_type": "CLOUD_SQL_INSTANCE",
            "ip_address": [
              {
                "ip_address": "35.189.198.157",
                "time_to_retire": "",
                "type": "PRIMARY"
              },
              {
                "ip_address": "34.76.178.101",
                "time_to_retire": "",
                "type": "OUTGOING"
              }
            ],
            "maintenance_version": "POSTGRES_15_17.R20260319.00_02",
            "master_instance_name": "",
            "name": "gado-postgres-dev-ia",
            "private_ip_address": "",
            "project": "pruebas-edem-dataproject3",
            "psc_service_attachment_link": "",
            "public_ip_address": "35.189.198.157",
            "region": "europe-west1",
            "replica_configuration": [],
            "restore_backup_context": [],
            "root_password": null,
            "self_link": "https://sqladmin.googleapis.com/sql/v1beta4/projects/pruebas-edem-dataproject3/instances/gado-postgres-dev-ia",
            "server_ca_cert": [
              {
                "cert": "-----BEGIN CERTIFICATE-----\nMIIDcTCCAlmgAwIBAgIBADANBgkqhkiG9w0BAQsFADBwMS0wKwYDVQQuEyRmOWVk\nYmYxNS1iOGNjLTRlZTEtOGRjMy02YjYzMTEwNWE5NzIxHDAaBgNVBAMTE0Nsb3Vk\nIFNRTCBTZXJ2ZXIgQ0ExFDASBgNVBAoTC0dvb2dsZSwgSW5jMQswCQYDVQQGEwJV\nUzAeFw0yNjA0MDkxOTE0NTlaFw0zNjA0MDYxOTE1NTlaMHAxLTArBgNVBC4TJGY5\nZWRiZjE1LWI4Y2MtNGVlMS04ZGMzLTZiNjMxMTA1YTk3MjEcMBoGA1UEAxMTQ2xv\ndWQgU1FMIFNlcnZlciBDQTEUMBIGA1UEChMLR29vZ2xlLCBJbmMxCzAJBgNVBAYT\nAlVTMIIBIjANBgkqhkiG9w0BAQEFAAOCAQ8AMIIBCgKCAQEAwmnmP1lT4UImI+io\nkYZWceS16ydjlmUqhJ/KQS4wDqL/wGT/itOjjVjPGxUSVPfURlsJHSBdja7Cdb9L\n/tzpm++K6uaXXDIE5JJ+I/ugoFOAJa8ch9i3Xn0colSyhgLWm6Wo/BvpFK0F/1Ce\nmvy86sjvwBHh3CDHAUTQ9+t+ifHN84E6nAeX9ppCIZNoJ9HCSLqffxm515M11OxY\n26mLs6g/WEMQcFP0dkuQ9z/VOJIr9P+JVcGEvRfhUjfwkRitVwqCTrQggKhsMTg/\nE5u64i7QnIdepjtCcuYgz8eLZXJA4Qgm/EncJZYzMkM50/j2h3Q4sylxSNDAq5mq\nxdy9sQIDAQABoxYwFDASBgNVHRMBAf8ECDAGAQH/AgEAMA0GCSqGSIb3DQEBCwUA\nA4IBAQBgjAtNFFIlQlV0Ua0qT9Qrh08i/TyObEB6ApTcsULzN98sPNBQWTBNqh1H\n+8OK8NR+CLzKgzLRzH9QBpQgDnirVN+JVx0nqoH6JyZ5V2qyULHKslI7ULi8y60F\nxxIm/566owDUMBA6HAsUe0vZ7wrSEQr/0GKHTo7kiXKWrnUaie0+WtfzkMWdTbnV\nmvujV0i4Zfq2n8JW4c1Q5TlIGETfPXt5X2pOXtTiYvJ62d1PJLhiFD4JAIcYHheL\n5BWd7AA2qskh4iicO0C0bBVXX2HcHVCiarLNET7WyZfaVSePRYsjnzj3oE1V2LcN\nNqLzgeQDSQBlT9J0PmvBWXyVuxoD\n-----END CERTIFICATE-----",
                "common_name": "C=US,O=Google\\, Inc,CN=Cloud SQL Server CA,dnQualifier=f9edbf15-b8cc-4ee1-8dc3-6b631105a972",
                "create_time": "2026-04-09T19:14:59.286Z",
                "expiration_time": "2036-04-06T19:15:59.286Z",
                "sha1_fingerprint": "535512a407f91af594d0f61df1da2302d2c75a6a"
              }
            ],
            "service_account_email_address": "p434836706570-cd5fio@gcp-sa-cloud-sql.iam.gserviceaccount.com",
            "settings": [
              {
                "activation_policy": "ALWAYS",
                "active_directory_config": [],
                "advanced_machine_features": [],
                "availability_type": "ZONAL",
                "backup_configuration": [
                  {
                    "backup_retention_settings": [
                      {
                        "retained_backups": 7,
                        "retention_unit": "COUNT"
                      }
                    ],
                    "binary_log_enabled": false,
                    "enabled": true,
                    "location": "",
                    "point_in_time_recovery_enabled": false,
                    "start_time": "13:00",
                    "transaction_log_retention_days": 7
                  }
                ],
                "collation": "",
                "connector_enforcement": "NOT_REQUIRED",
                "data_cache_config": [],
                "database_flags": [],
                "deletion_protection_enabled": false,
                "deny_maintenance_period": [],
                "disk_autoresize": true,
                "disk_autoresize_limit": 0,
                "disk_size": 10,
                "disk_type": "PD_SSD",
                "edition": "ENTERPRISE",
                "enable_dataplex_integration": false,
                "enable_google_ml_integration": false,
                "insights_config": [],
                "ip_configuration": [
                  {
                    "allocated_ip_range": "",
                    "authorized_networks": [],
                    "enable_private_path_for_google_cloud_services": false,
                    "ipv4_enabled": true,
                    "private_network": "",
                    "psc_config": [],
                    "require_ssl": false,
                    "server_ca_mode": "GOOGLE_MANAGED_INTERNAL_CA",
                    "ssl_mode": ""
                  }
                ],
                "location_preference": [
                  {
                    "follow_gae_application": "",
                    "secondary_zone": "",
                    "zone": "europe-west1-b"
                  }
                ],
                "maintenance_window": [],
                "password_validation_policy": [],
                "pricing_plan": "PER_USE",
                "sql_server_audit_config": [],
                "tier": "db-f1-micro",
                "time_zone": "",
                "user_labels": {},
                "version": 27
              }
            ],
            "timeouts": null
          },
          "sensitive_attributes": [
            [
              {
                "type": "get_attr",
                "value": "root_password"
              }
            ],
            [
              {
                "type": "get_attr",
                "value": "server_ca_cert"
              }
            ]
          ],
          "private": "eyJlMmJmYjczMC1lY2FhLTExZTYtOGY4OC0zNDM2M2JjN2M0YzAiOnsiY3JlYXRlIjo1NDAwMDAwMDAwMDAwLCJkZWxldGUiOjU0MDAwMDAwMDAwMDAsInVwZGF0ZSI6NTQwMDAwMDAwMDAwMH19",
          "dependencies": [
            "module.apis.google_project_service.required"
          ]
        }
      ]
    },
    {
      "module": "module.cloud_sql",
      "mode": "managed",
      "type": "google_sql_user",
      "name": "app",
      "provider": "provider[\"registry.terraform.io/hashicorp/google\"]",
      "instances": [
        {
          "schema_version": 1,
          "attributes": {
            "deletion_policy": null,
            "host": "",
            "id": "gado_app//gado-postgres-dev-ia",
            "instance": "gado-postgres-dev-ia",
            "name": "gado_app",
            "password": "ht7Q1RqaZu4mFOiKXEasM2JS5TMY4HgJ",
            "password_policy": [],
            "project": "pruebas-edem-dataproject3",
            "sql_server_user_details": [],
            "timeouts": null,
            "type": ""
          },
          "sensitive_attributes": [
            [
              {
                "type": "get_attr",
                "value": "password"
              }
            ]
          ],
          "private": "eyJlMmJmYjczMC1lY2FhLTExZTYtOGY4OC0zNDM2M2JjN2M0YzAiOnsiY3JlYXRlIjo2MDAwMDAwMDAwMDAsImRlbGV0ZSI6NjAwMDAwMDAwMDAwLCJ1cGRhdGUiOjYwMDAwMDAwMDAwMH0sInNjaGVtYV92ZXJzaW9uIjoiMSJ9",
          "dependencies": [
            "module.apis.google_project_service.required",
            "module.cloud_sql.google_sql_database_instance.main",
            "module.cloud_sql.random_password.db_password"
          ]
        }
      ]
    },
    {
      "module": "module.cloud_sql",
      "mode": "managed",
      "type": "random_password",
      "name": "db_password",
      "provider": "provider[\"registry.terraform.io/hashicorp/random\"]",
      "instances": [
        {
          "schema_version": 3,
          "attributes": {
            "bcrypt_hash": "$2a$10$eZLN5NenL6y2El80hdB0COzuYK7X96OnI0YDriFj//fZZStOwRvom",
            "id": "none",
            "keepers": null,
            "length": 32,
            "lower": true,
            "min_lower": 0,
            "min_numeric": 0,
            "min_special": 0,
            "min_upper": 0,
            "number": true,
            "numeric": true,
            "override_special": null,
            "result": "ht7Q1RqaZu4mFOiKXEasM2JS5TMY4HgJ",
            "special": false,
            "upper": true
          },
          "sensitive_attributes": [
            [
              {
                "type": "get_attr",
                "value": "bcrypt_hash"
              }
            ],
            [
              {
                "type": "get_attr",
                "value": "result"
              }
            ]
          ],
          "dependencies": [
            "module.apis.google_project_service.required"
          ]
        }
      ]
    },
    {
      "module": "module.iam",
      "mode": "managed",
      "type": "google_cloud_run_v2_service_iam_member",
      "name": "public_invoker",
      "provider": "provider[\"registry.terraform.io/hashicorp/google\"]",
      "instances": [
        {
          "schema_version": 0,
          "attributes": {
            "condition": [],
            "etag": "BwZPC/qNoXY=",
            "id": "projects/pruebas-edem-dataproject3/locations/europe-west1/services/restaurant-api-dev-ia/roles/run.invoker/allUsers",
            "location": "europe-west1",
            "member": "allUsers",
            "name": "projects/pruebas-edem-dataproject3/locations/europe-west1/services/restaurant-api-dev-ia",
            "project": "pruebas-edem-dataproject3",
            "role": "roles/run.invoker"
          },
          "sensitive_attributes": [],
          "private": "bnVsbA==",
          "dependencies": [
            "data.terraform_remote_state.shared",
            "module.apis.google_project_service.required",
            "module.cloud_run.google_cloud_run_v2_service.api",
            "module.cloud_run.google_service_account.cloud_run",
            "module.cloud_sql.google_secret_manager_secret.database_url",
            "module.cloud_sql.google_secret_manager_secret_version.database_url",
            "module.cloud_sql.google_sql_database.gado",
            "module.cloud_sql.google_sql_database_instance.main",
            "module.cloud_sql.google_sql_user.app",
            "module.cloud_sql.random_password.db_password"
          ]
        }
      ]
    },
    {
      "module": "module.registry_frontend",
      "mode": "managed",
      "type": "google_artifact_registry_repository",
      "name": "frontend",
      "provider": "provider[\"registry.terraform.io/hashicorp/google\"]",
      "instances": [
        {
          "schema_version": 0,
          "attributes": {
            "cleanup_policies": [],
            "cleanup_policy_dry_run": false,
            "create_time": "2026-04-09T23:06:30.029324Z",
            "description": "",
            "docker_config": [],
            "effective_labels": {},
            "format": "DOCKER",
            "id": "projects/pruebas-edem-dataproject3/locations/europe-west1/repositories/frontend-dev-ia",
            "kms_key_name": "",
            "labels": {},
            "location": "europe-west1",
            "maven_config": [],
            "mode": "STANDARD_REPOSITORY",
            "name": "frontend-dev-ia",
            "project": "pruebas-edem-dataproject3",
            "remote_repository_config": [],
            "repository_id": "frontend-dev-ia",
            "terraform_labels": {},
            "timeouts": null,
            "update_time": "2026-04-09T23:09:24.922251Z",
            "virtual_repository_config": []
          },
          "sensitive_attributes": [],
          "private": "eyJlMmJmYjczMC1lY2FhLTExZTYtOGY4OC0zNDM2M2JjN2M0YzAiOnsiY3JlYXRlIjoxMjAwMDAwMDAwMDAwLCJkZWxldGUiOjEyMDAwMDAwMDAwMDAsInVwZGF0ZSI6MTIwMDAwMDAwMDAwMH19",
          "dependencies": [
            "data.terraform_remote_state.shared",
            "module.apis.google_project_service.required",
            "module.cloud_run.google_cloud_run_v2_service.api",
            "module.cloud_run.google_service_account.cloud_run",
            "module.cloud_sql.google_secret_manager_secret.database_url",
            "module.cloud_sql.google_secret_manager_secret_version.database_url",
            "module.cloud_sql.google_sql_database.gado",
            "module.cloud_sql.google_sql_database_instance.main",
            "module.cloud_sql.google_sql_user.app",
            "module.cloud_sql.random_password.db_password"
          ]
        }
      ]
    },
    {
      "module": "module.registry_frontend",
      "mode": "managed",
      "type": "null_resource",
      "name": "docker_build_push",
      "provider": "provider[\"registry.terraform.io/hashicorp/null\"]",
      "instances": [
        {
          "schema_version": 0,
          "attributes": {
            "id": "4504759503287092262",
            "triggers": {
              "backend_url": "https://restaurant-api-dev-ia-gcfbpra65a-ew.a.run.app",
              "src_hash": "32133666ebe8b3a62001ee69ff89a9ec3aeff3e6250537c7edb20174fe18ddcd"
            }
          },
          "sensitive_attributes": [],
          "dependencies": [
            "data.google_secret_manager_secret_version.firebase_api_key",
            "data.google_secret_manager_secret_version.firebase_app_id",
            "data.google_secret_manager_secret_version.firebase_auth_domain",
            "data.google_secret_manager_secret_version.firebase_messaging_sender_id",
            "data.google_secret_manager_secret_version.firebase_storage_bucket",
            "data.terraform_remote_state.shared",
            "module.apis.google_project_service.required",
            "module.cloud_run.google_cloud_run_v2_service.api",
            "module.cloud_run.google_service_account.cloud_run",
            "module.cloud_sql.google_secret_manager_secret.database_url",
            "module.cloud_sql.google_secret_manager_secret_version.database_url",
            "module.cloud_sql.google_sql_database.gado",
            "module.cloud_sql.google_sql_database_instance.main",
            "module.cloud_sql.google_sql_user.app",
            "module.cloud_sql.random_password.db_password",
            "module.registry_frontend.google_artifact_registry_repository.frontend"
          ]
        }
      ]
    }
  ],
  "check_results": null
}
