{
  "version": 4,
  "terraform_version": "1.5.7",
  "serial": 170,
  "lineage": "81568bce-939d-158f-a1e5-babe120e2bef",
  "outputs": {
    "cloud_run_url": {
      "value": "https://restaurant-api-dev-data-uxrrrtx5tq-ew.a.run.app",
      "type": "string"
    },
    "cloud_sql_connection": {
      "value": "project1grupo7:europe-west1:gado-postgres-dev-data",
      "type": "string"
    },
    "frontend_url": {
      "value": "https://gado-frontend-dev-data-uxrrrtx5tq-ew.a.run.app",
      "type": "string"
    }
  },
  "resources": [
    {
      "mode": "data",
      "type": "terraform_remote_state",
      "name": "shared",
      "provider": "provider[\"terraform.io/builtin/terraform\"]",
      "instances": [
        {
          "schema_version": 0,
          "attributes": {
            "backend": "gcs",
            "config": {
              "value": {
                "bucket": "project1grupo7-tfstate",
                "prefix": "terraform/state/shared"
              },
              "type": [
                "object",
                {
                  "bucket": "string",
                  "prefix": "string"
                }
              ]
            },
            "defaults": null,
            "outputs": {
              "value": {
                "registry_build_id": "4583277030824125455",
                "registry_image": "europe-west1-docker.pkg.dev/project1grupo7/restaurant-api/api:latest"
              },
              "type": [
                "object",
                {
                  "registry_build_id": "string",
                  "registry_image": "string"
                }
              ]
            },
            "workspace": null
          },
          "sensitive_attributes": []
        }
      ]
    },
    {
      "mode": "managed",
      "type": "terraform_data",
      "name": "workspace_guard",
      "provider": "provider[\"terraform.io/builtin/terraform\"]",
      "instances": [
        {
          "schema_version": 0,
          "attributes": {
            "id": "2a943743-3420-ea70-3eb2-3a16c0969d7b",
            "input": null,
            "output": null,
            "triggers_replace": null
          },
          "sensitive_attributes": []
        }
      ]
    },
    {
      "module": "module.apis",
      "mode": "managed",
      "type": "google_project_service",
      "name": "required",
      "provider": "provider[\"registry.terraform.io/hashicorp/google\"]",
      "instances": [
        {
          "index_key": "aiplatform.googleapis.com",
          "schema_version": 0,
          "attributes": {
            "disable_dependent_services": null,
            "disable_on_destroy": false,
            "id": "project1grupo7/aiplatform.googleapis.com",
            "project": "project1grupo7",
            "service": "aiplatform.googleapis.com",
            "timeouts": null
          },
          "sensitive_attributes": [],
          "private": "eyJlMmJmYjczMC1lY2FhLTExZTYtOGY4OC0zNDM2M2JjN2M0YzAiOnsiY3JlYXRlIjoxMjAwMDAwMDAwMDAwLCJkZWxldGUiOjEyMDAwMDAwMDAwMDAsInJlYWQiOjYwMDAwMDAwMDAwMCwidXBkYXRlIjoxMjAwMDAwMDAwMDAwfX0="
        },
        {
          "index_key": "artifactregistry.googleapis.com",
          "schema_version": 0,
          "attributes": {
            "disable_dependent_services": null,
            "disable_on_destroy": false,
            "id": "project1grupo7/artifactregistry.googleapis.com",
            "project": "project1grupo7",
            "service": "artifactregistry.googleapis.com",
            "timeouts": null
          },
          "sensitive_attributes": [],
          "private": "eyJlMmJmYjczMC1lY2FhLTExZTYtOGY4OC0zNDM2M2JjN2M0YzAiOnsiY3JlYXRlIjoxMjAwMDAwMDAwMDAwLCJkZWxldGUiOjEyMDAwMDAwMDAwMDAsInJlYWQiOjYwMDAwMDAwMDAwMCwidXBkYXRlIjoxMjAwMDAwMDAwMDAwfX0="
        },
        {
          "index_key": "bigquery.googleapis.com",
          "schema_version": 0,
          "attributes": {
            "disable_dependent_services": null,
            "disable_on_destroy": false,
            "id": "project1grupo7/bigquery.googleapis.com",
            "project": "project1grupo7",
            "service": "bigquery.googleapis.com",
            "timeouts": null
          },
          "sensitive_attributes": [],
          "private": "eyJlMmJmYjczMC1lY2FhLTExZTYtOGY4OC0zNDM2M2JjN2M0YzAiOnsiY3JlYXRlIjoxMjAwMDAwMDAwMDAwLCJkZWxldGUiOjEyMDAwMDAwMDAwMDAsInJlYWQiOjYwMDAwMDAwMDAwMCwidXBkYXRlIjoxMjAwMDAwMDAwMDAwfX0="
        },
        {
          "index_key": "cloudresourcemanager.googleapis.com",
          "schema_version": 0,
          "attributes": {
            "disable_dependent_services": null,
            "disable_on_destroy": false,
            "id": "project1grupo7/cloudresourcemanager.googleapis.com",
            "project": "project1grupo7",
            "service": "cloudresourcemanager.googleapis.com",
            "timeouts": null
          },
          "sensitive_attributes": [],
          "private": "eyJlMmJmYjczMC1lY2FhLTExZTYtOGY4OC0zNDM2M2JjN2M0YzAiOnsiY3JlYXRlIjoxMjAwMDAwMDAwMDAwLCJkZWxldGUiOjEyMDAwMDAwMDAwMDAsInJlYWQiOjYwMDAwMDAwMDAwMCwidXBkYXRlIjoxMjAwMDAwMDAwMDAwfX0="
        },
        {
          "index_key": "firebase.googleapis.com",
          "schema_version": 0,
          "attributes": {
            "disable_dependent_services": null,
            "disable_on_destroy": false,
            "id": "project1grupo7/firebase.googleapis.com",
            "project": "project1grupo7",
            "service": "firebase.googleapis.com",
            "timeouts": null
          },
          "sensitive_attributes": [],
          "private": "eyJlMmJmYjczMC1lY2FhLTExZTYtOGY4OC0zNDM2M2JjN2M0YzAiOnsiY3JlYXRlIjoxMjAwMDAwMDAwMDAwLCJkZWxldGUiOjEyMDAwMDAwMDAwMDAsInJlYWQiOjYwMDAwMDAwMDAwMCwidXBkYXRlIjoxMjAwMDAwMDAwMDAwfX0="
        },
        {
          "index_key": "firestore.googleapis.com",
          "schema_version": 0,
          "attributes": {
            "disable_dependent_services": null,
            "disable_on_destroy": false,
            "id": "project1grupo7/firestore.googleapis.com",
            "project": "project1grupo7",
            "service": "firestore.googleapis.com",
            "timeouts": null
          },
          "sensitive_attributes": [],
          "private": "eyJlMmJmYjczMC1lY2FhLTExZTYtOGY4OC0zNDM2M2JjN2M0YzAiOnsiY3JlYXRlIjoxMjAwMDAwMDAwMDAwLCJkZWxldGUiOjEyMDAwMDAwMDAwMDAsInJlYWQiOjYwMDAwMDAwMDAwMCwidXBkYXRlIjoxMjAwMDAwMDAwMDAwfX0="
        },
        {
          "index_key": "iam.googleapis.com",
          "schema_version": 0,
          "attributes": {
            "disable_dependent_services": null,
            "disable_on_destroy": false,
            "id": "project1grupo7/iam.googleapis.com",
            "project": "project1grupo7",
            "service": "iam.googleapis.com",
            "timeouts": null
          },
          "sensitive_attributes": [],
          "private": "eyJlMmJmYjczMC1lY2FhLTExZTYtOGY4OC0zNDM2M2JjN2M0YzAiOnsiY3JlYXRlIjoxMjAwMDAwMDAwMDAwLCJkZWxldGUiOjEyMDAwMDAwMDAwMDAsInJlYWQiOjYwMDAwMDAwMDAwMCwidXBkYXRlIjoxMjAwMDAwMDAwMDAwfX0="
        },
        {
          "index_key": "identitytoolkit.googleapis.com",
          "schema_version": 0,
          "attributes": {
            "disable_dependent_services": null,
            "disable_on_destroy": false,
            "id": "project1grupo7/identitytoolkit.googleapis.com",
            "project": "project1grupo7",
            "service": "identitytoolkit.googleapis.com",
            "timeouts": null
          },
          "sensitive_attributes": [],
          "private": "eyJlMmJmYjczMC1lY2FhLTExZTYtOGY4OC0zNDM2M2JjN2M0YzAiOnsiY3JlYXRlIjoxMjAwMDAwMDAwMDAwLCJkZWxldGUiOjEyMDAwMDAwMDAwMDAsInJlYWQiOjYwMDAwMDAwMDAwMCwidXBkYXRlIjoxMjAwMDAwMDAwMDAwfX0="
        },
        {
          "index_key": "run.googleapis.com",
          "schema_version": 0,
          "attributes": {
            "disable_dependent_services": null,
            "disable_on_destroy": false,
            "id": "project1grupo7/run.googleapis.com",
            "project": "project1grupo7",
            "service": "run.googleapis.com",
            "timeouts": null
          },
          "sensitive_attributes": [],
          "private": "eyJlMmJmYjczMC1lY2FhLTExZTYtOGY4OC0zNDM2M2JjN2M0YzAiOnsiY3JlYXRlIjoxMjAwMDAwMDAwMDAwLCJkZWxldGUiOjEyMDAwMDAwMDAwMDAsInJlYWQiOjYwMDAwMDAwMDAwMCwidXBkYXRlIjoxMjAwMDAwMDAwMDAwfX0="
        },
        {
          "index_key": "secretmanager.googleapis.com",
          "schema_version": 0,
          "attributes": {
            "disable_dependent_services": null,
            "disable_on_destroy": false,
            "id": "project1grupo7/secretmanager.googleapis.com",
            "project": "project1grupo7",
            "service": "secretmanager.googleapis.com",
            "timeouts": null
          },
          "sensitive_attributes": [],
          "private": "eyJlMmJmYjczMC1lY2FhLTExZTYtOGY4OC0zNDM2M2JjN2M0YzAiOnsiY3JlYXRlIjoxMjAwMDAwMDAwMDAwLCJkZWxldGUiOjEyMDAwMDAwMDAwMDAsInJlYWQiOjYwMDAwMDAwMDAwMCwidXBkYXRlIjoxMjAwMDAwMDAwMDAwfX0="
        },
        {
          "index_key": "sqladmin.googleapis.com",
          "schema_version": 0,
          "attributes": {
            "disable_dependent_services": null,
            "disable_on_destroy": false,
            "id": "project1grupo7/sqladmin.googleapis.com",
            "project": "project1grupo7",
            "service": "sqladmin.googleapis.com",
            "timeouts": null
          },
          "sensitive_attributes": [],
          "private": "eyJlMmJmYjczMC1lY2FhLTExZTYtOGY4OC0zNDM2M2JjN2M0YzAiOnsiY3JlYXRlIjoxMjAwMDAwMDAwMDAwLCJkZWxldGUiOjEyMDAwMDAwMDAwMDAsInJlYWQiOjYwMDAwMDAwMDAwMCwidXBkYXRlIjoxMjAwMDAwMDAwMDAwfX0="
        }
      ]
    },
    {
      "module": "module.cloud_run",
      "mode": "managed",
      "type": "google_cloud_run_v2_service",
      "name": "api",
      "provider": "provider[\"registry.terraform.io/hashicorp/google\"]",
      "instances": [
        {
          "schema_version": 0,
          "attributes": {
            "annotations": {},
            "binary_authorization": [],
            "client": "",
            "client_version": "",
            "conditions": [
              {
                "execution_reason": "",
                "last_transition_time": "2026-05-08T21:31:30.850672Z",
                "message": "",
                "reason": "",
                "revision_reason": "",
                "severity": "",
                "state": "CONDITION_SUCCEEDED",
                "type": "RoutesReady"
              },
              {
                "execution_reason": "",
                "last_transition_time": "2026-05-08T21:31:15.819927Z",
                "message": "",
                "reason": "",
                "revision_reason": "",
                "severity": "",
                "state": "CONDITION_SUCCEEDED",
                "type": "ConfigurationsReady"
              }
            ],
            "create_time": "2026-04-23T18:47:40.650917Z",
            "creator": "pgesparterpubli@gmail.com",
            "custom_audiences": [],
            "delete_time": "",
            "description": "",
            "effective_annotations": {},
            "effective_labels": {},
            "etag": "\"CKGs-c8GEJDBwp0C/cHJvamVjdHMvcHJvamVjdDFncnVwbzcvbG9jYXRpb25zL2V1cm9wZS13ZXN0MS9zZXJ2aWNlcy9yZXN0YXVyYW50LWFwaS1kZXYtZGF0YQ\"",
            "expire_time": "",
            "generation": "36",
            "id": "projects/project1grupo7/locations/europe-west1/services/restaurant-api-dev-data",
            "ingress": "INGRESS_TRAFFIC_ALL",
            "labels": {},
            "last_modifier": "pgesparterpubli@gmail.com",
            "latest_created_revision": "projects/project1grupo7/locations/europe-west1/services/restaurant-api-dev-data/revisions/restaurant-api-dev-data-00035-mw7",
            "latest_ready_revision": "projects/project1grupo7/locations/europe-west1/services/restaurant-api-dev-data/revisions/restaurant-api-dev-data-00035-mw7",
            "launch_stage": "GA",
            "location": "europe-west1",
            "name": "restaurant-api-dev-data",
            "observed_generation": "36",
            "project": "project1grupo7",
            "reconciling": false,
            "template": [
              {
                "annotations": {
                  "build-id": "1567940913796100671"
                },
                "containers": [
                  {
                    "args": [],
                    "command": [],
                    "depends_on": [],
                    "env": [
                      {
                        "name": "DATABASE_URL",
                        "value": "",
                        "value_source": [
                          {
                            "secret_key_ref": [
                              {
                                "secret": "database-url-dev-data",
                                "version": "latest"
                              }
                            ]
                          }
                        ]
                      },
                      {
                        "name": "BRAIN_PROVIDER",
                        "value": "gemini",
                        "value_source": []
                      },
                      {
                        "name": "GOOGLE_CLOUD_PROJECT",
                        "value": "project1grupo7",
                        "value_source": []
                      },
                      {
                        "name": "GOOGLE_CLOUD_LOCATION",
                        "value": "global",
                        "value_source": []
                      },
                      {
                        "name": "FIREBASE_STORAGE_BUCKET",
                        "value": "project1grupo7.firebasestorage.app",
                        "value_source": []
                      },
                      {
                        "name": "GOOGLE_GENAI_USE_VERTEXAI",
                        "value": "true",
                        "value_source": []
                      },
                      {
                        "name": "GOOGLE_GENAI_API_KEY",
                        "value": "",
                        "value_source": [
                          {
                            "secret_key_ref": [
                              {
                                "secret": "google-genai-api-key",
                                "version": "latest"
                              }
                            ]
                          }
                        ]
                      },
                      {
                        "name": "GOOGLE_MAPS_API_KEY",
                        "value": "",
                        "value_source": [
                          {
                            "secret_key_ref": [
                              {
                                "secret": "google-maps-api-key",
                                "version": "latest"
                              }
                            ]
                          }
                        ]
                      },
                      {
                        "name": "GROQ_API_KEY",
                        "value": "",
                        "value_source": [
                          {
                            "secret_key_ref": [
                              {
                                "secret": "groq-api-key",
                                "version": "latest"
                              }
                            ]
                          }
                        ]
                      },
                      {
                        "name": "HERE_API_KEY",
                        "value": "",
                        "value_source": [
                          {
                            "secret_key_ref": [
                              {
                                "secret": "here-api-key",
                                "version": "latest"
                              }
                            ]
                          }
                        ]
                      },
                      {
                        "name": "OPENROUTER_API_KEY",
                        "value": "",
                        "value_source": [
                          {
                            "secret_key_ref": [
                              {
                                "secret": "openrouter-api-key",
                                "version": "latest"
                              }
                            ]
                          }
                        ]
                      },
                      {
                        "name": "TRIPADVISOR_API_KEY",
                        "value": "",
                        "value_source": [
                          {
                            "secret_key_ref": [
                              {
                                "secret": "tripadvisor-api-key",
                                "version": "latest"
                              }
                            ]
                          }
                        ]
                      },
                      {
                        "name": "YELP_API_KEY",
                        "value": "",
                        "value_source": [
                          {
                            "secret_key_ref": [
                              {
                                "secret": "yelp-api-key",
                                "version": "latest"
                              }
                            ]
                          }
                        ]
                      }
                    ],
                    "image": "europe-west1-docker.pkg.dev/project1grupo7/restaurant-api/api:latest",
                    "liveness_probe": [],
                    "name": "",
                    "ports": [
                      {
                        "container_port": 8080,
                        "name": "http1"
                      }
                    ],
                    "resources": [
                      {
                        "cpu_idle": false,
                        "limits": {
                          "cpu": "1",
                          "memory": "512Mi"
                        },
                        "startup_cpu_boost": false
                      }
                    ],
                    "startup_probe": [
                      {
                        "failure_threshold": 1,
                        "grpc": [],
                        "http_get": [],
                        "initial_delay_seconds": 0,
                        "period_seconds": 240,
                        "tcp_socket": [
                          {
                            "port": 8080
                          }
                        ],
                        "timeout_seconds": 240
                      }
                    ],
                    "volume_mounts": [
                      {
                        "mount_path": "/cloudsql",
                        "name": "cloudsql"
                      }
                    ],
                    "working_dir": ""
                  }
                ],
                "encryption_key": "",
                "execution_environment": "",
                "labels": {},
                "max_instance_request_concurrency": 80,
                "revision": "",
                "scaling": [
                  {
                    "max_instance_count": 10,
                    "min_instance_count": 0
                  }
                ],
                "service_account": "cloud-run-api@project1grupo7.iam.gserviceaccount.com",
                "session_affinity": false,
                "timeout": "300s",
                "volumes": [
                  {
                    "cloud_sql_instance": [
                      {
                        "instances": [
                          "project1grupo7:europe-west1:gado-postgres-dev-data"
                        ]
                      }
                    ],
                    "gcs": [],
                    "name": "cloudsql",
                    "nfs": [],
                    "secret": []
                  }
                ],
                "vpc_access": []
              }
            ],
            "terminal_condition": [
              {
                "execution_reason": "",
                "last_transition_time": "2026-05-08T21:31:30.878908Z",
                "message": "",
                "reason": "",
                "revision_reason": "",
                "severity": "",
                "state": "CONDITION_SUCCEEDED",
                "type": "Ready"
              }
            ],
            "terraform_labels": {},
            "timeouts": null,
            "traffic": [
              {
                "percent": 100,
                "revision": "",
                "tag": "",
                "type": "TRAFFIC_TARGET_ALLOCATION_TYPE_LATEST"
              }
            ],
            "traffic_statuses": [
              {
                "percent": 100,
                "revision": "",
                "tag": "",
                "type": "TRAFFIC_TARGET_ALLOCATION_TYPE_LATEST",
                "uri": ""
              }
            ],
            "uid": "2ca5cb0d-ce88-428d-9854-4e7a4a5c12bb",
            "update_time": "2026-05-08T21:31:13.598778Z",
            "uri": "https://restaurant-api-dev-data-uxrrrtx5tq-ew.a.run.app"
          },
          "sensitive_attributes": [],
          "private": "eyJlMmJmYjczMC1lY2FhLTExZTYtOGY4OC0zNDM2M2JjN2M0YzAiOnsiY3JlYXRlIjoxMjAwMDAwMDAwMDAwLCJkZWxldGUiOjEyMDAwMDAwMDAwMDAsInVwZGF0ZSI6MTIwMDAwMDAwMDAwMH19",
          "dependencies": [
            "module.apis.google_project_service.required",
            "module.cloud_run.google_service_account.cloud_run",
            "module.cloud_sql.google_secret_manager_secret.database_url",
            "module.cloud_sql.google_secret_manager_secret_version.database_url",
            "module.cloud_sql.google_sql_database.gado",
            "module.cloud_sql.google_sql_database_instance.main",
            "module.cloud_sql.google_sql_user.app",
            "module.cloud_sql.random_password.db_password",
            "module.registry.google_artifact_registry_repository.api",
            "module.registry.null_resource.docker_build_push"
          ]
        }
      ]
    },
    {
      "module": "module.cloud_run",
      "mode": "managed",
      "type": "google_service_account",
      "name": "cloud_run",
      "provider": "provider[\"registry.terraform.io/hashicorp/google\"]",
      "instances": [
        {
          "schema_version": 0,
          "attributes": {
            "account_id": "cloud-run-api",
            "create_ignore_already_exists": null,
            "description": "",
            "disabled": false,
            "display_name": "Cloud Run API SA",
            "email": "cloud-run-api@project1grupo7.iam.gserviceaccount.com",
            "id": "projects/project1grupo7/serviceAccounts/cloud-run-api@project1grupo7.iam.gserviceaccount.com",
            "member": "serviceAccount:cloud-run-api@project1grupo7.iam.gserviceaccount.com",
            "name": "projects/project1grupo7/serviceAccounts/cloud-run-api@project1grupo7.iam.gserviceaccount.com",
            "project": "project1grupo7",
            "timeouts": null,
            "unique_id": "103674944157812669976"
          },
          "sensitive_attributes": [],
          "private": "eyJlMmJmYjczMC1lY2FhLTExZTYtOGY4OC0zNDM2M2JjN2M0YzAiOnsiY3JlYXRlIjozMDAwMDAwMDAwMDB9LCJzY2hlbWFfdmVyc2lvbiI6IjAifQ==",
          "dependencies": [
            "module.apis.google_project_service.required",
            "module.cloud_sql.google_secret_manager_secret.database_url",
            "module.cloud_sql.google_secret_manager_secret_version.database_url",
            "module.cloud_sql.google_sql_database.gado",
            "module.cloud_sql.google_sql_database_instance.main",
            "module.cloud_sql.google_sql_user.app",
            "module.cloud_sql.random_password.db_password"
          ]
        }
      ]
    },
    {
      "module": "module.cloud_run_frontend",
      "mode": "managed",
      "type": "google_cloud_run_v2_service",
      "name": "frontend",
      "provider": "provider[\"registry.terraform.io/hashicorp/google\"]",
      "instances": [
        {
          "schema_version": 0,
          "attributes": {
            "annotations": {},
            "binary_authorization": [],
            "client": "",
            "client_version": "",
            "conditions": [
              {
                "execution_reason": "",
                "last_transition_time": "2026-05-08T21:26:16.563805Z",
                "message": "",
                "reason": "",
                "revision_reason": "",
                "severity": "",
                "state": "CONDITION_SUCCEEDED",
                "type": "RoutesReady"
              },
              {
                "execution_reason": "",
                "last_transition_time": "2026-05-08T21:26:13.631271Z",
                "message": "",
                "reason": "",
                "revision_reason": "",
                "severity": "",
                "state": "CONDITION_SUCCEEDED",
                "type": "ConfigurationsReady"
              }
            ],
            "create_time": "2026-04-23T19:04:20.806257Z",
            "creator": "pgesparterpubli@gmail.com",
            "custom_audiences": [],
            "delete_time": "",
            "description": "",
            "effective_annotations": {},
            "effective_labels": {},
            "etag": "\"CPOp-c8GEMi1s5sB/cHJvamVjdHMvcHJvamVjdDFncnVwbzcvbG9jYXRpb25zL2V1cm9wZS13ZXN0MS9zZXJ2aWNlcy9nYWRvLWZyb250ZW5kLWRldi1kYXRh\"",
            "expire_time": "",
            "generation": "30",
            "id": "projects/project1grupo7/locations/europe-west1/services/gado-frontend-dev-data",
            "ingress": "INGRESS_TRAFFIC_ALL",
            "labels": {},
            "last_modifier": "pgesparterpubli@gmail.com",
            "latest_created_revision": "projects/project1grupo7/locations/europe-west1/services/gado-frontend-dev-data/revisions/gado-frontend-dev-data-00030-wcq",
            "latest_ready_revision": "projects/project1grupo7/locations/europe-west1/services/gado-frontend-dev-data/revisions/gado-frontend-dev-data-00030-wcq",
            "launch_stage": "GA",
            "location": "europe-west1",
            "name": "gado-frontend-dev-data",
            "observed_generation": "30",
            "project": "project1grupo7",
            "reconciling": false,
            "template": [
              {
                "annotations": {
                  "build-id": "7986758894680656041"
                },
                "containers": [
                  {
                    "args": [],
                    "command": [],
                    "depends_on": [],
                    "env": [
                      {
                        "name": "EXPO_PUBLIC_BACKEND_URL",
                        "value": "https://restaurant-api-dev-data-uxrrrtx5tq-ew.a.run.app",
                        "value_source": []
                      },
                      {
                        "name": "EXPO_PUBLIC_FIREBASE_API_KEY",
                        "value": "AIzaSyAzE_VWqkw2-xlJ6evSw4BzIAb0ZcVLaqM",
                        "value_source": []
                      },
                      {
                        "name": "EXPO_PUBLIC_FIREBASE_AUTH_DOMAIN",
                        "value": "project1grupo7.firebaseapp.com",
                        "value_source": []
                      },
                      {
                        "name": "EXPO_PUBLIC_FIREBASE_PROJECT_ID",
                        "value": "project1grupo7",
                        "value_source": []
                      },
                      {
                        "name": "EXPO_PUBLIC_FIREBASE_STORAGE_BUCKET",
                        "value": "project1grupo7.firebasestorage.app",
                        "value_source": []
                      },
                      {
                        "name": "EXPO_PUBLIC_FIREBASE_MESSAGING_SENDER_ID",
                        "value": "149307894342",
                        "value_source": []
                      },
                      {
                        "name": "EXPO_PUBLIC_FIREBASE_APP_ID",
                        "value": "1:149307894342:web:71e4c6fb21156ce0dbf847",
                        "value_source": []
                      }
                    ],
                    "image": "europe-west1-docker.pkg.dev/project1grupo7/frontend/frontend:latest",
                    "liveness_probe": [],
                    "name": "",
                    "ports": [
                      {
                        "container_port": 80,
                        "name": "http1"
                      }
                    ],
                    "resources": [
                      {
                        "cpu_idle": false,
                        "limits": {
                          "cpu": "1",
                          "memory": "512Mi"
                        },
                        "startup_cpu_boost": false
                      }
                    ],
                    "startup_probe": [
                      {
                        "failure_threshold": 1,
                        "grpc": [],
                        "http_get": [],
                        "initial_delay_seconds": 0,
                        "period_seconds": 240,
                        "tcp_socket": [
                          {
                            "port": 80
                          }
                        ],
                        "timeout_seconds": 240
                      }
                    ],
                    "volume_mounts": [],
                    "working_dir": ""
                  }
                ],
                "encryption_key": "",
                "execution_environment": "",
                "labels": {},
                "max_instance_request_concurrency": 80,
                "revision": "",
                "scaling": [
                  {
                    "max_instance_count": 5,
                    "min_instance_count": 0
                  }
                ],
                "service_account": "149307894342-compute@developer.gserviceaccount.com",
                "session_affinity": false,
                "timeout": "300s",
                "volumes": [],
                "vpc_access": []
              }
            ],
            "terminal_condition": [
              {
                "execution_reason": "",
                "last_transition_time": "2026-05-08T21:26:16.599204Z",
                "message": "",
                "reason": "",
                "revision_reason": "",
                "severity": "",
                "state": "CONDITION_SUCCEEDED",
                "type": "Ready"
              }
            ],
            "terraform_labels": {},
            "timeouts": null,
            "traffic": [
              {
                "percent": 100,
                "revision": "",
                "tag": "",
                "type": "TRAFFIC_TARGET_ALLOCATION_TYPE_LATEST"
              }
            ],
            "traffic_statuses": [
              {
                "percent": 100,
                "revision": "",
                "tag": "",
                "type": "TRAFFIC_TARGET_ALLOCATION_TYPE_LATEST",
                "uri": ""
              }
            ],
            "uid": "b9e496e1-c0ab-4c87-b28d-9870c4e1ac5c",
            "update_time": "2026-05-08T21:26:11.325901Z",
            "uri": "https://gado-frontend-dev-data-uxrrrtx5tq-ew.a.run.app"
          },
          "sensitive_attributes": [
            [
              {
                "type": "get_attr",
                "value": "template"
              },
              {
                "type": "index",
                "value": {
                  "value": 0,
                  "type": "number"
                }
              },
              {
                "type": "get_attr",
                "value": "containers"
              },
              {
                "type": "index",
                "value": {
                  "value": 0,
                  "type": "number"
                }
              },
              {
                "type": "get_attr",
                "value": "env"
              },
              {
                "type": "index",
                "value": {
                  "value": 1,
                  "type": "number"
                }
              },
              {
                "type": "get_attr",
                "value": "value"
              }
            ],
            [
              {
                "type": "get_attr",
                "value": "template"
              },
              {
                "type": "index",
                "value": {
                  "value": 0,
                  "type": "number"
                }
              },
              {
                "type": "get_attr",
                "value": "containers"
              },
              {
                "type": "index",
                "value": {
                  "value": 0,
                  "type": "number"
                }
              },
              {
                "type": "get_attr",
                "value": "env"
              },
              {
                "type": "index",
                "value": {
                  "value": 6,
                  "type": "number"
                }
              },
              {
                "type": "get_attr",
                "value": "value"
              }
            ]
          ],
          "private": "eyJlMmJmYjczMC1lY2FhLTExZTYtOGY4OC0zNDM2M2JjN2M0YzAiOnsiY3JlYXRlIjoxMjAwMDAwMDAwMDAwLCJkZWxldGUiOjEyMDAwMDAwMDAwMDAsInVwZGF0ZSI6MTIwMDAwMDAwMDAwMH19",
          "dependencies": [
            "module.apis.google_project_service.required",
            "module.cloud_run.google_cloud_run_v2_service.api",
            "module.cloud_run.google_service_account.cloud_run",
            "module.cloud_sql.google_secret_manager_secret.database_url",
            "module.cloud_sql.google_secret_manager_secret_version.database_url",
            "module.cloud_sql.google_sql_database.gado",
            "module.cloud_sql.google_sql_database_instance.main",
            "module.cloud_sql.google_sql_user.app",
            "module.cloud_sql.random_password.db_password",
            "module.registry.google_artifact_registry_repository.api",
            "module.registry.null_resource.docker_build_push",
            "module.registry_frontend.google_artifact_registry_repository.frontend",
            "module.registry_frontend.null_resource.docker_build_push"
          ]
        }
      ]
    },
    {
      "module": "module.cloud_run_frontend",
      "mode": "managed",
      "type": "google_cloud_run_v2_service_iam_member",
      "name": "public",
      "provider": "provider[\"registry.terraform.io/hashicorp/google\"]",
      "instances": [
        {
          "schema_version": 0,
          "attributes": {
            "condition": [],
            "etag": "BwZQJz8p/vs=",
            "id": "projects/project1grupo7/locations/europe-west1/services/gado-frontend-dev-data/roles/run.invoker/allUsers",
            "location": "europe-west1",
            "member": "allUsers",
            "name": "projects/project1grupo7/locations/europe-west1/services/gado-frontend-dev-data",
            "project": "project1grupo7",
            "role": "roles/run.invoker"
          },
          "sensitive_attributes": [],
          "private": "bnVsbA==",
          "dependencies": [
            "module.apis.google_project_service.required",
            "module.cloud_run.google_cloud_run_v2_service.api",
            "module.cloud_run.google_service_account.cloud_run",
            "module.cloud_run_frontend.google_cloud_run_v2_service.frontend",
            "module.cloud_sql.google_secret_manager_secret.database_url",
            "module.cloud_sql.google_secret_manager_secret_version.database_url",
            "module.cloud_sql.google_sql_database.gado",
            "module.cloud_sql.google_sql_database_instance.main",
            "module.cloud_sql.google_sql_user.app",
            "module.cloud_sql.random_password.db_password",
            "module.registry.google_artifact_registry_repository.api",
            "module.registry.null_resource.docker_build_push",
            "module.registry_frontend.google_artifact_registry_repository.frontend",
            "module.registry_frontend.null_resource.docker_build_push"
          ]
        }
      ]
    },
    {
      "module": "module.cloud_sql",
      "mode": "managed",
      "type": "google_secret_manager_secret",
      "name": "database_url",
      "provider": "provider[\"registry.terraform.io/hashicorp/google\"]",
      "instances": [
        {
          "schema_version": 0,
          "attributes": {
            "annotations": {},
            "create_time": "2026-04-23T18:42:14.993262Z",
            "effective_annotations": {},
            "effective_labels": {},
            "expire_time": "",
            "id": "projects/project1grupo7/secrets/database-url-dev-data",
            "labels": {},
            "name": "projects/149307894342/secrets/database-url-dev-data",
            "project": "project1grupo7",
            "replication": [
              {
                "auto": [
                  {
                    "customer_managed_encryption": []
                  }
                ],
                "user_managed": []
              }
            ],
            "rotation": [],
            "secret_id": "database-url-dev-data",
            "terraform_labels": {},
            "timeouts": null,
            "topics": [],
            "ttl": null,
            "version_aliases": {},
            "version_destroy_ttl": ""
          },
          "sensitive_attributes": [],
          "private": "eyJlMmJmYjczMC1lY2FhLTExZTYtOGY4OC0zNDM2M2JjN2M0YzAiOnsiY3JlYXRlIjoxMjAwMDAwMDAwMDAwLCJkZWxldGUiOjEyMDAwMDAwMDAwMDAsInVwZGF0ZSI6MTIwMDAwMDAwMDAwMH19",
          "dependencies": [
            "module.apis.google_project_service.required"
          ]
        }
      ]
    },
    {
      "module": "module.cloud_sql",
      "mode": "managed",
      "type": "google_secret_manager_secret_version",
      "name": "database_url",
      "provider": "provider[\"registry.terraform.io/hashicorp/google\"]",
      "instances": [
        {
          "schema_version": 0,
          "attributes": {
            "create_time": "2026-04-28T10:27:25.990726Z",
            "deletion_policy": "DELETE",
            "destroy_time": "",
            "enabled": true,
            "id": "projects/149307894342/secrets/database-url-dev-data/versions/2",
            "is_secret_data_base64": false,
            "name": "projects/149307894342/secrets/database-url-dev-data/versions/2",
            "secret": "projects/project1grupo7/secrets/database-url-dev-data",
            "secret_data": "postgresql://gado_app:0uvl8wHx2ZdUWozrnBAxeoLEvYNBOKaz@/gado?host=/cloudsql/project1grupo7:europe-west1:gado-postgres-dev-data",
            "timeouts": null,
            "version": "2"
          },
          "sensitive_attributes": [
            [
              {
                "type": "get_attr",
                "value": "secret_data"
              }
            ]
          ],
          "private": "eyJlMmJmYjczMC1lY2FhLTExZTYtOGY4OC0zNDM2M2JjN2M0YzAiOnsiY3JlYXRlIjoxMjAwMDAwMDAwMDAwLCJkZWxldGUiOjEyMDAwMDAwMDAwMDAsInVwZGF0ZSI6MTIwMDAwMDAwMDAwMH19",
          "dependencies": [
            "module.apis.google_project_service.required",
            "module.cloud_sql.google_secret_manager_secret.database_url",
            "module.cloud_sql.google_sql_database.gado",
            "module.cloud_sql.google_sql_database_instance.main",
            "module.cloud_sql.random_password.db_password"
          ]
        }
      ]
    },
    {
      "module": "module.cloud_sql",
      "mode": "managed",
      "type": "google_sql_database",
      "name": "gado",
      "provider": "provider[\"registry.terraform.io/hashicorp/google\"]",
      "instances": [
        {
          "schema_version": 0,
          "attributes": {
            "charset": "UTF8",
            "collation": "en_US.UTF8",
            "deletion_policy": "DELETE",
            "id": "projects/project1grupo7/instances/gado-postgres-dev-data/databases/gado",
            "instance": "gado-postgres-dev-data",
            "name": "gado",
            "project": "project1grupo7",
            "self_link": "https://sqladmin.googleapis.com/sql/v1beta4/projects/project1grupo7/instances/gado-postgres-dev-data/databases/gado",
            "timeouts": null
          },
          "sensitive_attributes": [],
          "private": "eyJlMmJmYjczMC1lY2FhLTExZTYtOGY4OC0zNDM2M2JjN2M0YzAiOnsiY3JlYXRlIjoxMjAwMDAwMDAwMDAwLCJkZWxldGUiOjEyMDAwMDAwMDAwMDAsInVwZGF0ZSI6MTIwMDAwMDAwMDAwMH19",
          "dependencies": [
            "module.apis.google_project_service.required",
            "module.cloud_sql.google_sql_database_instance.main"
          ]
        }
      ]
    },
    {
      "module": "module.cloud_sql",
      "mode": "managed",
      "type": "google_sql_database_instance",
      "name": "main",
      "provider": "provider[\"registry.terraform.io/hashicorp/google\"]",
      "instances": [
        {
          "schema_version": 0,
          "attributes": {
            "available_maintenance_versions": [
              "POSTGRES_15_17.R20260319.00_11"
            ],
            "clone": [],
            "connection_name": "project1grupo7:europe-west1:gado-postgres-dev-data",
            "database_version": "POSTGRES_15",
            "deletion_protection": true,
            "dns_name": "",
            "encryption_key_name": null,
            "first_ip_address": "34.78.227.38",
            "id": "gado-postgres-dev-data",
            "instance_type": "CLOUD_SQL_INSTANCE",
            "ip_address": [
              {
                "ip_address": "34.78.227.38",
                "time_to_retire": "",
                "type": "PRIMARY"
              },
              {
                "ip_address": "35.205.105.166",
                "time_to_retire": "",
                "type": "OUTGOING"
              }
            ],
            "maintenance_version": "POSTGRES_15_17.R20260319.00_02",
            "master_instance_name": "",
            "name": "gado-postgres-dev-data",
            "private_ip_address": "",
            "project": "project1grupo7",
            "psc_service_attachment_link": "",
            "public_ip_address": "34.78.227.38",
            "region": "europe-west1",
            "replica_configuration": [],
            "restore_backup_context": [],
            "root_password": null,
            "self_link": "https://sqladmin.googleapis.com/sql/v1beta4/projects/project1grupo7/instances/gado-postgres-dev-data",
            "server_ca_cert": [
              {
                "cert": "-----BEGIN CERTIFICATE-----\nMIIDcTCCAlmgAwIBAgIBADANBgkqhkiG9w0BAQsFADBwMS0wKwYDVQQuEyQ5YWZm\nYjU3Zi02YWViLTQ5YTctOGZjNi1jOGQ5MmZiYThkNGYxHDAaBgNVBAMTE0Nsb3Vk\nIFNRTCBTZXJ2ZXIgQ0ExFDASBgNVBAoTC0dvb2dsZSwgSW5jMQswCQYDVQQGEwJV\nUzAeFw0yNjA0MjMxODQyMDFaFw0zNjA0MjAxODQzMDFaMHAxLTArBgNVBC4TJDlh\nZmZiNTdmLTZhZWItNDlhNy04ZmM2LWM4ZDkyZmJhOGQ0ZjEcMBoGA1UEAxMTQ2xv\ndWQgU1FMIFNlcnZlciBDQTEUMBIGA1UEChMLR29vZ2xlLCBJbmMxCzAJBgNVBAYT\nAlVTMIIBIjANBgkqhkiG9w0BAQEFAAOCAQ8AMIIBCgKCAQEAv7bMMUCj4xLp0eD9\nKbJ5NGk6EzAEqBDuZHN+Z7qb45YuCiul4drBN7nqMS1R6Q824lwRppGAbYrKdDmA\nKOIoq5Plu1I/rewZRTBnAWsCUK2FslfBVu2jX2AwqNM7rdGw4WNkcmT4DIintlC8\nPAvKClPFwMuoN8QbwkyZD8KntXglTWE2a5ktZV4BZ4PkGBTJQuUpbeUnDfirC+3c\n7H7oBsRIrWtLMRw0PkZj1HCHdc7wNWMMpOM0fMhD9R/cv2pmgkaTIXKze2VJ+IAN\nBTFOlQIk3NNR3hbh61jENb9TncyUGOSVvGaI4oh7XM5HVWAJC8rbunI25tiMyQa/\nI2YtoQIDAQABoxYwFDASBgNVHRMBAf8ECDAGAQH/AgEAMA0GCSqGSIb3DQEBCwUA\nA4IBAQB4V6rUg/jH3H+Qcw2V5gT7f+HWQPiPrIKw8aEabEamzTuYVmYaSCe14DtE\nk+yjNSuc8SkldntUwcz90mUlXmCpuZb338yNHUe5skikg+vrHnLhS0QkS31d+lYT\n1iuj1ugKZBbzsdY1XxkozZwpmNjNayUzME222cpElrQwAdtcl6TOrRDcFHxzSZ1J\n6DjUZcZ1dPVP+4K25hsfsnT0Ckcim3ko0KBU0OyEg3YjHP6jBNDDOvkAEQ1e3FUE\nq+DCqUv0jJCk1BhQJnvJZa0MBvsQcilCFs641WZ5cnA4Bbnxh2FpGQsG5O6ywLm+\nlKl0HGiW+qjLTxSKcZjtlv7vs9ye\n-----END CERTIFICATE-----",
                "common_name": "C=US,O=Google\\, Inc,CN=Cloud SQL Server CA,dnQualifier=9affb57f-6aeb-49a7-8fc6-c8d92fba8d4f",
                "create_time": "2026-04-23T18:42:01.946Z",
                "expiration_time": "2036-04-20T18:43:01.946Z",
                "sha1_fingerprint": "b95c489359a141d71279ae93948b0f322a0be2a8"
              }
            ],
            "service_account_email_address": "p149307894342-1eh0dc@gcp-sa-cloud-sql.iam.gserviceaccount.com",
            "settings": [
              {
                "activation_policy": "ALWAYS",
                "active_directory_config": [],
                "advanced_machine_features": [],
                "availability_type": "ZONAL",
                "backup_configuration": [
                  {
                    "backup_retention_settings": [
                      {
                        "retained_backups": 7,
                        "retention_unit": "COUNT"
                      }
                    ],
                    "binary_log_enabled": false,
                    "enabled": true,
                    "location": "",
                    "point_in_time_recovery_enabled": false,
                    "start_time": "19:00",
                    "transaction_log_retention_days": 7
                  }
                ],
                "collation": "",
                "connector_enforcement": "NOT_REQUIRED",
                "data_cache_config": [],
                "database_flags": [],
                "deletion_protection_enabled": false,
                "deny_maintenance_period": [],
                "disk_autoresize": true,
                "disk_autoresize_limit": 0,
                "disk_size": 10,
                "disk_type": "PD_SSD",
                "edition": "ENTERPRISE",
                "enable_dataplex_integration": false,
                "enable_google_ml_integration": false,
                "insights_config": [],
                "ip_configuration": [
                  {
                    "allocated_ip_range": "",
                    "authorized_networks": [],
                    "enable_private_path_for_google_cloud_services": false,
                    "ipv4_enabled": true,
                    "private_network": "",
                    "psc_config": [],
                    "require_ssl": false,
                    "server_ca_mode": "GOOGLE_MANAGED_INTERNAL_CA",
                    "ssl_mode": ""
                  }
                ],
                "location_preference": [
                  {
                    "follow_gae_application": "",
                    "secondary_zone": "",
                    "zone": "europe-west1-b"
                  }
                ],
                "maintenance_window": [],
                "password_validation_policy": [],
                "pricing_plan": "PER_USE",
                "sql_server_audit_config": [],
                "tier": "db-f1-micro",
                "time_zone": "",
                "user_labels": {},
                "version": 22
              }
            ],
            "timeouts": null
          },
          "sensitive_attributes": [],
          "private": "eyJlMmJmYjczMC1lY2FhLTExZTYtOGY4OC0zNDM2M2JjN2M0YzAiOnsiY3JlYXRlIjo1NDAwMDAwMDAwMDAwLCJkZWxldGUiOjU0MDAwMDAwMDAwMDAsInVwZGF0ZSI6NTQwMDAwMDAwMDAwMH19",
          "dependencies": [
            "module.apis.google_project_service.required"
          ]
        }
      ]
    },
    {
      "module": "module.cloud_sql",
      "mode": "managed",
      "type": "google_sql_user",
      "name": "app",
      "provider": "provider[\"registry.terraform.io/hashicorp/google\"]",
      "instances": [
        {
          "schema_version": 1,
          "attributes": {
            "deletion_policy": null,
            "host": "",
            "id": "gado_app//gado-postgres-dev-data",
            "instance": "gado-postgres-dev-data",
            "name": "gado_app",
            "password": "0uvl8wHx2ZdUWozrnBAxeoLEvYNBOKaz",
            "password_policy": [],
            "project": "project1grupo7",
            "sql_server_user_details": [],
            "timeouts": null,
            "type": ""
          },
          "sensitive_attributes": [
            [
              {
                "type": "get_attr",
                "value": "password"
              }
            ]
          ],
          "private": "eyJlMmJmYjczMC1lY2FhLTExZTYtOGY4OC0zNDM2M2JjN2M0YzAiOnsiY3JlYXRlIjo2MDAwMDAwMDAwMDAsImRlbGV0ZSI6NjAwMDAwMDAwMDAwLCJ1cGRhdGUiOjYwMDAwMDAwMDAwMH0sInNjaGVtYV92ZXJzaW9uIjoiMSJ9",
          "dependencies": [
            "module.apis.google_project_service.required",
            "module.cloud_sql.google_sql_database_instance.main",
            "module.cloud_sql.random_password.db_password"
          ]
        }
      ]
    },
    {
      "module": "module.cloud_sql",
      "mode": "managed",
      "type": "random_password",
      "name": "db_password",
      "provider": "provider[\"registry.terraform.io/hashicorp/random\"]",
      "instances": [
        {
          "schema_version": 3,
          "attributes": {
            "bcrypt_hash": "$2a$10$s1BnKoAB8o6rpB.XSjAMeepXpLyN7daFiNoRsCUvgdvM0QQEz7RUy",
            "id": "none",
            "keepers": null,
            "length": 32,
            "lower": true,
            "min_lower": 0,
            "min_numeric": 0,
            "min_special": 0,
            "min_upper": 0,
            "number": true,
            "numeric": true,
            "override_special": null,
            "result": "0uvl8wHx2ZdUWozrnBAxeoLEvYNBOKaz",
            "special": false,
            "upper": true
          },
          "sensitive_attributes": [],
          "dependencies": [
            "module.apis.google_project_service.required"
          ]
        }
      ]
    },
    {
      "module": "module.iam",
      "mode": "managed",
      "type": "google_cloud_run_v2_service_iam_member",
      "name": "public_invoker",
      "provider": "provider[\"registry.terraform.io/hashicorp/google\"]",
      "instances": [
        {
          "schema_version": 0,
          "attributes": {
            "condition": [],
            "etag": "BwZQJz5c860=",
            "id": "projects/project1grupo7/locations/europe-west1/services/restaurant-api-dev-data/roles/run.invoker/allUsers",
            "location": "europe-west1",
            "member": "allUsers",
            "name": "projects/project1grupo7/locations/europe-west1/services/restaurant-api-dev-data",
            "project": "project1grupo7",
            "role": "roles/run.invoker"
          },
          "sensitive_attributes": [],
          "private": "bnVsbA==",
          "dependencies": [
            "module.apis.google_project_service.required",
            "module.cloud_run.google_cloud_run_v2_service.api",
            "module.cloud_run.google_service_account.cloud_run",
            "module.cloud_sql.google_secret_manager_secret.database_url",
            "module.cloud_sql.google_secret_manager_secret_version.database_url",
            "module.cloud_sql.google_sql_database.gado",
            "module.cloud_sql.google_sql_database_instance.main",
            "module.cloud_sql.google_sql_user.app",
            "module.cloud_sql.random_password.db_password",
            "module.registry.google_artifact_registry_repository.api",
            "module.registry.null_resource.docker_build_push"
          ]
        }
      ]
    },
    {
      "module": "module.iam",
      "mode": "managed",
      "type": "google_project_iam_member",
      "name": "cloudsql_client",
      "provider": "provider[\"registry.terraform.io/hashicorp/google\"]",
      "instances": [
        {
          "schema_version": 0,
          "attributes": {
            "condition": [],
            "etag": "BwZRU1Ql8cE=",
            "id": "project1grupo7/roles/cloudsql.client/serviceAccount:cloud-run-api@project1grupo7.iam.gserviceaccount.com",
            "member": "serviceAccount:cloud-run-api@project1grupo7.iam.gserviceaccount.com",
            "project": "project1grupo7",
            "role": "roles/cloudsql.client"
          },
          "sensitive_attributes": [],
          "private": "bnVsbA==",
          "dependencies": [
            "module.apis.google_project_service.required",
            "module.cloud_run.google_service_account.cloud_run",
            "module.cloud_sql.google_secret_manager_secret.database_url",
            "module.cloud_sql.google_secret_manager_secret_version.database_url",
            "module.cloud_sql.google_sql_database.gado",
            "module.cloud_sql.google_sql_database_instance.main",
            "module.cloud_sql.google_sql_user.app",
            "module.cloud_sql.random_password.db_password"
          ]
        }
      ]
    },
    {
      "module": "module.iam",
      "mode": "managed",
      "type": "google_project_iam_member",
      "name": "firestore_user",
      "provider": "provider[\"registry.terraform.io/hashicorp/google\"]",
      "instances": [
        {
          "schema_version": 0,
          "attributes": {
            "condition": [],
            "etag": "BwZRU1Ql8cE=",
            "id": "project1grupo7/roles/datastore.user/serviceAccount:cloud-run-api@project1grupo7.iam.gserviceaccount.com",
            "member": "serviceAccount:cloud-run-api@project1grupo7.iam.gserviceaccount.com",
            "project": "project1grupo7",
            "role": "roles/datastore.user"
          },
          "sensitive_attributes": [],
          "private": "eyJzY2hlbWFfdmVyc2lvbiI6IjAifQ==",
          "dependencies": [
            "module.apis.google_project_service.required",
            "module.cloud_run.google_service_account.cloud_run",
            "module.cloud_sql.google_secret_manager_secret.database_url",
            "module.cloud_sql.google_secret_manager_secret_version.database_url",
            "module.cloud_sql.google_sql_database.gado",
            "module.cloud_sql.google_sql_database_instance.main",
            "module.cloud_sql.google_sql_user.app",
            "module.cloud_sql.random_password.db_password"
          ]
        }
      ]
    },
    {
      "module": "module.iam",
      "mode": "managed",
      "type": "google_project_iam_member",
      "name": "secret_accessor",
      "provider": "provider[\"registry.terraform.io/hashicorp/google\"]",
      "instances": [
        {
          "schema_version": 0,
          "attributes": {
            "condition": [],
            "etag": "BwZRU1Ql8cE=",
            "id": "project1grupo7/roles/secretmanager.secretAccessor/serviceAccount:cloud-run-api@project1grupo7.iam.gserviceaccount.com",
            "member": "serviceAccount:cloud-run-api@project1grupo7.iam.gserviceaccount.com",
            "project": "project1grupo7",
            "role": "roles/secretmanager.secretAccessor"
          },
          "sensitive_attributes": [],
          "private": "bnVsbA==",
          "dependencies": [
            "module.apis.google_project_service.required",
            "module.cloud_run.google_service_account.cloud_run",
            "module.cloud_sql.google_secret_manager_secret.database_url",
            "module.cloud_sql.google_secret_manager_secret_version.database_url",
            "module.cloud_sql.google_sql_database.gado",
            "module.cloud_sql.google_sql_database_instance.main",
            "module.cloud_sql.google_sql_user.app",
            "module.cloud_sql.random_password.db_password"
          ]
        }
      ]
    },
    {
      "module": "module.iam",
      "mode": "managed",
      "type": "google_project_iam_member",
      "name": "vertex_ai_user",
      "provider": "provider[\"registry.terraform.io/hashicorp/google\"]",
      "instances": [
        {
          "schema_version": 0,
          "attributes": {
            "condition": [],
            "etag": "BwZRU1Ql8cE=",
            "id": "project1grupo7/roles/aiplatform.user/serviceAccount:cloud-run-api@project1grupo7.iam.gserviceaccount.com",
            "member": "serviceAccount:cloud-run-api@project1grupo7.iam.gserviceaccount.com",
            "project": "project1grupo7",
            "role": "roles/aiplatform.user"
          },
          "sensitive_attributes": [],
          "private": "bnVsbA==",
          "dependencies": [
            "module.apis.google_project_service.required",
            "module.cloud_run.google_service_account.cloud_run",
            "module.cloud_sql.google_secret_manager_secret.database_url",
            "module.cloud_sql.google_secret_manager_secret_version.database_url",
            "module.cloud_sql.google_sql_database.gado",
            "module.cloud_sql.google_sql_database_instance.main",
            "module.cloud_sql.google_sql_user.app",
            "module.cloud_sql.random_password.db_password"
          ]
        }
      ]
    },
    {
      "module": "module.iam",
      "mode": "managed",
      "type": "google_secret_manager_secret_iam_member",
      "name": "review_secret_accessor",
      "provider": "provider[\"registry.terraform.io/hashicorp/google\"]",
      "instances": [
        {
          "index_key": "tripadvisor-api-key",
          "schema_version": 0,
          "attributes": {
            "condition": [],
            "etag": "BwZRKV/F3cU=",
            "id": "projects/project1grupo7/secrets/tripadvisor-api-key/roles/secretmanager.secretAccessor/serviceAccount:cloud-run-api@project1grupo7.iam.gserviceaccount.com",
            "member": "serviceAccount:cloud-run-api@project1grupo7.iam.gserviceaccount.com",
            "project": "project1grupo7",
            "role": "roles/secretmanager.secretAccessor",
            "secret_id": "projects/project1grupo7/secrets/tripadvisor-api-key"
          },
          "sensitive_attributes": [],
          "private": "bnVsbA==",
          "dependencies": [
            "module.apis.google_project_service.required",
            "module.cloud_run.google_service_account.cloud_run",
            "module.cloud_sql.google_secret_manager_secret.database_url",
            "module.cloud_sql.google_secret_manager_secret_version.database_url",
            "module.cloud_sql.google_sql_database.gado",
            "module.cloud_sql.google_sql_database_instance.main",
            "module.cloud_sql.google_sql_user.app",
            "module.cloud_sql.random_password.db_password"
          ]
        },
        {
          "index_key": "yelp-api-key",
          "schema_version": 0,
          "attributes": {
            "condition": [],
            "etag": "BwZRKV/D8To=",
            "id": "projects/project1grupo7/secrets/yelp-api-key/roles/secretmanager.secretAccessor/serviceAccount:cloud-run-api@project1grupo7.iam.gserviceaccount.com",
            "member": "serviceAccount:cloud-run-api@project1grupo7.iam.gserviceaccount.com",
            "project": "project1grupo7",
            "role": "roles/secretmanager.secretAccessor",
            "secret_id": "projects/project1grupo7/secrets/yelp-api-key"
          },
          "sensitive_attributes": [],
          "private": "bnVsbA==",
          "dependencies": [
            "module.apis.google_project_service.required",
            "module.cloud_run.google_service_account.cloud_run",
            "module.cloud_sql.google_secret_manager_secret.database_url",
            "module.cloud_sql.google_secret_manager_secret_version.database_url",
            "module.cloud_sql.google_sql_database.gado",
            "module.cloud_sql.google_sql_database_instance.main",
            "module.cloud_sql.google_sql_user.app",
            "module.cloud_sql.random_password.db_password"
          ]
        }
      ]
    },
    {
      "module": "module.registry",
      "mode": "managed",
      "type": "google_artifact_registry_repository",
      "name": "api",
      "provider": "provider[\"registry.terraform.io/hashicorp/google\"]",
      "instances": [
        {
          "schema_version": 0,
          "attributes": {
            "cleanup_policies": [],
            "cleanup_policy_dry_run": false,
            "create_time": "2026-04-29T13:39:21.656507Z",
            "description": "",
            "docker_config": [],
            "effective_labels": {},
            "format": "DOCKER",
            "id": "projects/project1grupo7/locations/europe-west1/repositories/restaurant-api",
            "kms_key_name": "",
            "labels": {},
            "location": "europe-west1",
            "maven_config": [],
            "mode": "STANDARD_REPOSITORY",
            "name": "restaurant-api",
            "project": "project1grupo7",
            "remote_repository_config": [],
            "repository_id": "restaurant-api",
            "terraform_labels": {},
            "timeouts": null,
            "update_time": "2026-05-08T21:26:03.387316Z",
            "virtual_repository_config": []
          },
          "sensitive_attributes": [],
          "private": "eyJlMmJmYjczMC1lY2FhLTExZTYtOGY4OC0zNDM2M2JjN2M0YzAiOnsiY3JlYXRlIjoxMjAwMDAwMDAwMDAwLCJkZWxldGUiOjEyMDAwMDAwMDAwMDAsInVwZGF0ZSI6MTIwMDAwMDAwMDAwMH0sInNjaGVtYV92ZXJzaW9uIjoiMCJ9",
          "dependencies": [
            "module.apis.google_project_service.required"
          ]
        }
      ]
    },
    {
      "module": "module.registry",
      "mode": "managed",
      "type": "null_resource",
      "name": "docker_build_push",
      "provider": "provider[\"registry.terraform.io/hashicorp/null\"]",
      "instances": [
        {
          "schema_version": 0,
          "attributes": {
            "id": "1567940913796100671",
            "triggers": {
              "src_hash": "6279d24351b5834746dc08d732b640d2f79c4a8cec9b26bf3a70f2fa7ce23315"
            }
          },
          "sensitive_attributes": [],
          "dependencies": [
            "module.apis.google_project_service.required",
            "module.registry.google_artifact_registry_repository.api"
          ]
        }
      ]
    },
    {
      "module": "module.registry_frontend",
      "mode": "managed",
      "type": "google_artifact_registry_repository",
      "name": "frontend",
      "provider": "provider[\"registry.terraform.io/hashicorp/google\"]",
      "instances": [
        {
          "schema_version": 0,
          "attributes": {
            "cleanup_policies": [],
            "cleanup_policy_dry_run": false,
            "create_time": "2026-05-05T17:23:56.084456Z",
            "description": "",
            "docker_config": [],
            "effective_labels": {},
            "format": "DOCKER",
            "id": "projects/project1grupo7/locations/europe-west1/repositories/frontend",
            "kms_key_name": "",
            "labels": {},
            "location": "europe-west1",
            "maven_config": [],
            "mode": "STANDARD_REPOSITORY",
            "name": "frontend",
            "project": "project1grupo7",
            "remote_repository_config": [],
            "repository_id": "frontend",
            "terraform_labels": {},
            "timeouts": null,
            "update_time": "2026-05-08T21:27:21.842Z",
            "virtual_repository_config": []
          },
          "sensitive_attributes": [],
          "private": "eyJlMmJmYjczMC1lY2FhLTExZTYtOGY4OC0zNDM2M2JjN2M0YzAiOnsiY3JlYXRlIjoxMjAwMDAwMDAwMDAwLCJkZWxldGUiOjEyMDAwMDAwMDAwMDAsInVwZGF0ZSI6MTIwMDAwMDAwMDAwMH0sInNjaGVtYV92ZXJzaW9uIjoiMCJ9",
          "dependencies": [
            "module.apis.google_project_service.required",
            "module.cloud_run.google_cloud_run_v2_service.api",
            "module.cloud_run.google_service_account.cloud_run",
            "module.cloud_sql.google_secret_manager_secret.database_url",
            "module.cloud_sql.google_secret_manager_secret_version.database_url",
            "module.cloud_sql.google_sql_database.gado",
            "module.cloud_sql.google_sql_database_instance.main",
            "module.cloud_sql.google_sql_user.app",
            "module.cloud_sql.random_password.db_password",
            "module.registry.google_artifact_registry_repository.api",
            "module.registry.null_resource.docker_build_push"
          ]
        }
      ]
    },
    {
      "module": "module.registry_frontend",
      "mode": "managed",
      "type": "null_resource",
      "name": "docker_build_push",
      "provider": "provider[\"registry.terraform.io/hashicorp/null\"]",
      "instances": [
        {
          "status": "tainted",
          "schema_version": 0,
          "attributes": {
            "id": "8837433958429363748",
            "triggers": {
              "backend_url": "https://restaurant-api-dev-data-uxrrrtx5tq-ew.a.run.app",
              "src_hash": "baf33db59019da30a5a255814279742c3ddd17f7297144428b72afd2b439bf3d"
            }
          },
          "sensitive_attributes": [],
          "dependencies": [
            "module.apis.google_project_service.required",
            "module.cloud_run.google_cloud_run_v2_service.api",
            "module.cloud_run.google_service_account.cloud_run",
            "module.cloud_sql.google_secret_manager_secret.database_url",
            "module.cloud_sql.google_secret_manager_secret_version.database_url",
            "module.cloud_sql.google_sql_database.gado",
            "module.cloud_sql.google_sql_database_instance.main",
            "module.cloud_sql.google_sql_user.app",
            "module.cloud_sql.random_password.db_password",
            "module.registry.google_artifact_registry_repository.api",
            "module.registry.null_resource.docker_build_push",
            "module.registry_frontend.google_artifact_registry_repository.frontend"
          ]
        }
      ]
    }
  ],
  "check_results": [
    {
      "object_kind": "resource",
      "config_addr": "terraform_data.workspace_guard",
      "status": "pass",
      "objects": [
        {
          "object_addr": "terraform_data.workspace_guard",
          "status": "pass"
        }
      ]
    }
  ]
}
