{
  "version": 4,
  "terraform_version": "1.5.7",
  "serial": 36,
  "lineage": "81568bce-939d-158f-a1e5-babe120e2bef",
  "outputs": {
    "cloud_run_url": {
      "value": "https://restaurant-api-dev-data-gcfbpra65a-ew.a.run.app",
      "type": "string"
    },
    "cloud_sql_connection": {
      "value": "pruebas-edem-dataproject3:europe-west1:gado-postgres-dev-data",
      "type": "string"
    },
    "frontend_url": {
      "value": "https://gado-frontend-dev-data-gcfbpra65a-ew.a.run.app",
      "type": "string"
    }
  },
  "resources": [
    {
      "mode": "data",
      "type": "google_secret_manager_secret_version",
      "name": "firebase_api_key",
      "provider": "provider[\"registry.terraform.io/hashicorp/google\"]",
      "instances": [
        {
          "schema_version": 0,
          "attributes": {
            "create_time": "2026-04-04T23:49:02.090555Z",
            "destroy_time": null,
            "enabled": true,
            "id": "projects/434836706570/secrets/firebase-api-key/versions/1",
            "name": "projects/434836706570/secrets/firebase-api-key/versions/1",
            "project": "pruebas-edem-dataproject3",
            "secret": "firebase-api-key",
            "secret_data": "AIzaSyCX0-9fY8G5wbkfksWTkFseQecl1bRR4zA",
            "version": "1"
          },
          "sensitive_attributes": []
        }
      ]
    },
    {
      "mode": "data",
      "type": "google_secret_manager_secret_version",
      "name": "firebase_app_id",
      "provider": "provider[\"registry.terraform.io/hashicorp/google\"]",
      "instances": [
        {
          "schema_version": 0,
          "attributes": {
            "create_time": "2026-04-04T23:49:16.513954Z",
            "destroy_time": null,
            "enabled": true,
            "id": "projects/434836706570/secrets/firebase-app-id/versions/1",
            "name": "projects/434836706570/secrets/firebase-app-id/versions/1",
            "project": "pruebas-edem-dataproject3",
            "secret": "firebase-app-id",
            "secret_data": "1:434836706570:web:3113f4c65d34c81f3796f3",
            "version": "1"
          },
          "sensitive_attributes": []
        }
      ]
    },
    {
      "mode": "data",
      "type": "google_secret_manager_secret_version",
      "name": "firebase_auth_domain",
      "provider": "provider[\"registry.terraform.io/hashicorp/google\"]",
      "instances": [
        {
          "schema_version": 0,
          "attributes": {
            "create_time": "2026-04-04T23:49:06.252647Z",
            "destroy_time": null,
            "enabled": true,
            "id": "projects/434836706570/secrets/firebase-auth-domain/versions/1",
            "name": "projects/434836706570/secrets/firebase-auth-domain/versions/1",
            "project": "pruebas-edem-dataproject3",
            "secret": "firebase-auth-domain",
            "secret_data": "pruebas-edem-dataproject3.firebaseapp.com",
            "version": "1"
          },
          "sensitive_attributes": []
        }
      ]
    },
    {
      "mode": "data",
      "type": "google_secret_manager_secret_version",
      "name": "firebase_messaging_sender_id",
      "provider": "provider[\"registry.terraform.io/hashicorp/google\"]",
      "instances": [
        {
          "schema_version": 0,
          "attributes": {
            "create_time": "2026-04-04T23:49:13.657265Z",
            "destroy_time": null,
            "enabled": true,
            "id": "projects/434836706570/secrets/firebase-messaging-sender-id/versions/1",
            "name": "projects/434836706570/secrets/firebase-messaging-sender-id/versions/1",
            "project": "pruebas-edem-dataproject3",
            "secret": "firebase-messaging-sender-id",
            "secret_data": "434836706570",
            "version": "1"
          },
          "sensitive_attributes": []
        }
      ]
    },
    {
      "mode": "data",
      "type": "google_secret_manager_secret_version",
      "name": "firebase_storage_bucket",
      "provider": "provider[\"registry.terraform.io/hashicorp/google\"]",
      "instances": [
        {
          "schema_version": 0,
          "attributes": {
            "create_time": "2026-04-04T23:49:09.907301Z",
            "destroy_time": null,
            "enabled": true,
            "id": "projects/434836706570/secrets/firebase-storage-bucket/versions/1",
            "name": "projects/434836706570/secrets/firebase-storage-bucket/versions/1",
            "project": "pruebas-edem-dataproject3",
            "secret": "firebase-storage-bucket",
            "secret_data": "pruebas-edem-dataproject3.firebasestorage.app",
            "version": "1"
          },
          "sensitive_attributes": []
        }
      ]
    },
    {
      "mode": "data",
      "type": "terraform_remote_state",
      "name": "shared",
      "provider": "provider[\"terraform.io/builtin/terraform\"]",
      "instances": [
        {
          "schema_version": 0,
          "attributes": {
            "backend": "gcs",
            "config": {
              "value": {
                "bucket": "pruebas-edem-dataproject3-tfstate",
                "prefix": "terraform/state/shared"
              },
              "type": [
                "object",
                {
                  "bucket": "string",
                  "prefix": "string"
                }
              ]
            },
            "defaults": null,
            "outputs": {
              "value": {
                "registry_build_id": "1420894772261577035",
                "registry_image": "europe-west1-docker.pkg.dev/pruebas-edem-dataproject3/restaurant-api/api:latest"
              },
              "type": [
                "object",
                {
                  "registry_build_id": "string",
                  "registry_image": "string"
                }
              ]
            },
            "workspace": null
          },
          "sensitive_attributes": []
        }
      ]
    },
    {
      "module": "module.apis",
      "mode": "managed",
      "type": "google_project_service",
      "name": "required",
      "provider": "provider[\"registry.terraform.io/hashicorp/google\"]",
      "instances": [
        {
          "index_key": "artifactregistry.googleapis.com",
          "schema_version": 0,
          "attributes": {
            "disable_dependent_services": null,
            "disable_on_destroy": false,
            "id": "pruebas-edem-dataproject3/artifactregistry.googleapis.com",
            "project": "pruebas-edem-dataproject3",
            "service": "artifactregistry.googleapis.com",
            "timeouts": null
          },
          "sensitive_attributes": [],
          "private": "eyJlMmJmYjczMC1lY2FhLTExZTYtOGY4OC0zNDM2M2JjN2M0YzAiOnsiY3JlYXRlIjoxMjAwMDAwMDAwMDAwLCJkZWxldGUiOjEyMDAwMDAwMDAwMDAsInJlYWQiOjYwMDAwMDAwMDAwMCwidXBkYXRlIjoxMjAwMDAwMDAwMDAwfX0="
        },
        {
          "index_key": "bigquery.googleapis.com",
          "schema_version": 0,
          "attributes": {
            "disable_dependent_services": null,
            "disable_on_destroy": false,
            "id": "pruebas-edem-dataproject3/bigquery.googleapis.com",
            "project": "pruebas-edem-dataproject3",
            "service": "bigquery.googleapis.com",
            "timeouts": null
          },
          "sensitive_attributes": [],
          "private": "eyJlMmJmYjczMC1lY2FhLTExZTYtOGY4OC0zNDM2M2JjN2M0YzAiOnsiY3JlYXRlIjoxMjAwMDAwMDAwMDAwLCJkZWxldGUiOjEyMDAwMDAwMDAwMDAsInJlYWQiOjYwMDAwMDAwMDAwMCwidXBkYXRlIjoxMjAwMDAwMDAwMDAwfX0="
        },
        {
          "index_key": "cloudresourcemanager.googleapis.com",
          "schema_version": 0,
          "attributes": {
            "disable_dependent_services": null,
            "disable_on_destroy": false,
            "id": "pruebas-edem-dataproject3/cloudresourcemanager.googleapis.com",
            "project": "pruebas-edem-dataproject3",
            "service": "cloudresourcemanager.googleapis.com",
            "timeouts": null
          },
          "sensitive_attributes": [],
          "private": "eyJlMmJmYjczMC1lY2FhLTExZTYtOGY4OC0zNDM2M2JjN2M0YzAiOnsiY3JlYXRlIjoxMjAwMDAwMDAwMDAwLCJkZWxldGUiOjEyMDAwMDAwMDAwMDAsInJlYWQiOjYwMDAwMDAwMDAwMCwidXBkYXRlIjoxMjAwMDAwMDAwMDAwfX0="
        },
        {
          "index_key": "firebase.googleapis.com",
          "schema_version": 0,
          "attributes": {
            "disable_dependent_services": null,
            "disable_on_destroy": false,
            "id": "pruebas-edem-dataproject3/firebase.googleapis.com",
            "project": "pruebas-edem-dataproject3",
            "service": "firebase.googleapis.com",
            "timeouts": null
          },
          "sensitive_attributes": [],
          "private": "eyJlMmJmYjczMC1lY2FhLTExZTYtOGY4OC0zNDM2M2JjN2M0YzAiOnsiY3JlYXRlIjoxMjAwMDAwMDAwMDAwLCJkZWxldGUiOjEyMDAwMDAwMDAwMDAsInJlYWQiOjYwMDAwMDAwMDAwMCwidXBkYXRlIjoxMjAwMDAwMDAwMDAwfX0="
        },
        {
          "index_key": "firestore.googleapis.com",
          "schema_version": 0,
          "attributes": {
            "disable_dependent_services": null,
            "disable_on_destroy": false,
            "id": "pruebas-edem-dataproject3/firestore.googleapis.com",
            "project": "pruebas-edem-dataproject3",
            "service": "firestore.googleapis.com",
            "timeouts": null
          },
          "sensitive_attributes": [],
          "private": "eyJlMmJmYjczMC1lY2FhLTExZTYtOGY4OC0zNDM2M2JjN2M0YzAiOnsiY3JlYXRlIjoxMjAwMDAwMDAwMDAwLCJkZWxldGUiOjEyMDAwMDAwMDAwMDAsInJlYWQiOjYwMDAwMDAwMDAwMCwidXBkYXRlIjoxMjAwMDAwMDAwMDAwfX0="
        },
        {
          "index_key": "iam.googleapis.com",
          "schema_version": 0,
          "attributes": {
            "disable_dependent_services": null,
            "disable_on_destroy": false,
            "id": "pruebas-edem-dataproject3/iam.googleapis.com",
            "project": "pruebas-edem-dataproject3",
            "service": "iam.googleapis.com",
            "timeouts": null
          },
          "sensitive_attributes": [],
          "private": "eyJlMmJmYjczMC1lY2FhLTExZTYtOGY4OC0zNDM2M2JjN2M0YzAiOnsiY3JlYXRlIjoxMjAwMDAwMDAwMDAwLCJkZWxldGUiOjEyMDAwMDAwMDAwMDAsInJlYWQiOjYwMDAwMDAwMDAwMCwidXBkYXRlIjoxMjAwMDAwMDAwMDAwfX0="
        },
        {
          "index_key": "identitytoolkit.googleapis.com",
          "schema_version": 0,
          "attributes": {
            "disable_dependent_services": null,
            "disable_on_destroy": false,
            "id": "pruebas-edem-dataproject3/identitytoolkit.googleapis.com",
            "project": "pruebas-edem-dataproject3",
            "service": "identitytoolkit.googleapis.com",
            "timeouts": null
          },
          "sensitive_attributes": [],
          "private": "eyJlMmJmYjczMC1lY2FhLTExZTYtOGY4OC0zNDM2M2JjN2M0YzAiOnsiY3JlYXRlIjoxMjAwMDAwMDAwMDAwLCJkZWxldGUiOjEyMDAwMDAwMDAwMDAsInJlYWQiOjYwMDAwMDAwMDAwMCwidXBkYXRlIjoxMjAwMDAwMDAwMDAwfX0="
        },
        {
          "index_key": "run.googleapis.com",
          "schema_version": 0,
          "attributes": {
            "disable_dependent_services": null,
            "disable_on_destroy": false,
            "id": "pruebas-edem-dataproject3/run.googleapis.com",
            "project": "pruebas-edem-dataproject3",
            "service": "run.googleapis.com",
            "timeouts": null
          },
          "sensitive_attributes": [],
          "private": "eyJlMmJmYjczMC1lY2FhLTExZTYtOGY4OC0zNDM2M2JjN2M0YzAiOnsiY3JlYXRlIjoxMjAwMDAwMDAwMDAwLCJkZWxldGUiOjEyMDAwMDAwMDAwMDAsInJlYWQiOjYwMDAwMDAwMDAwMCwidXBkYXRlIjoxMjAwMDAwMDAwMDAwfX0="
        },
        {
          "index_key": "secretmanager.googleapis.com",
          "schema_version": 0,
          "attributes": {
            "disable_dependent_services": null,
            "disable_on_destroy": false,
            "id": "pruebas-edem-dataproject3/secretmanager.googleapis.com",
            "project": "pruebas-edem-dataproject3",
            "service": "secretmanager.googleapis.com",
            "timeouts": null
          },
          "sensitive_attributes": [],
          "private": "eyJlMmJmYjczMC1lY2FhLTExZTYtOGY4OC0zNDM2M2JjN2M0YzAiOnsiY3JlYXRlIjoxMjAwMDAwMDAwMDAwLCJkZWxldGUiOjEyMDAwMDAwMDAwMDAsInJlYWQiOjYwMDAwMDAwMDAwMCwidXBkYXRlIjoxMjAwMDAwMDAwMDAwfX0="
        },
        {
          "index_key": "sqladmin.googleapis.com",
          "schema_version": 0,
          "attributes": {
            "disable_dependent_services": null,
            "disable_on_destroy": false,
            "id": "pruebas-edem-dataproject3/sqladmin.googleapis.com",
            "project": "pruebas-edem-dataproject3",
            "service": "sqladmin.googleapis.com",
            "timeouts": null
          },
          "sensitive_attributes": [],
          "private": "eyJlMmJmYjczMC1lY2FhLTExZTYtOGY4OC0zNDM2M2JjN2M0YzAiOnsiY3JlYXRlIjoxMjAwMDAwMDAwMDAwLCJkZWxldGUiOjEyMDAwMDAwMDAwMDAsInJlYWQiOjYwMDAwMDAwMDAwMCwidXBkYXRlIjoxMjAwMDAwMDAwMDAwfX0="
        }
      ]
    },
    {
      "module": "module.bigquery_tables",
      "mode": "managed",
      "type": "google_bigquery_table",
      "name": "brain_usage",
      "provider": "provider[\"registry.terraform.io/hashicorp/google\"]",
      "instances": [
        {
          "schema_version": 0,
          "attributes": {
            "allow_resource_tags_on_deletion": false,
            "clustering": null,
            "creation_time": 1775761189485,
            "dataset_id": "gado_analytics",
            "deletion_protection": false,
            "description": "",
            "effective_labels": {},
            "encryption_configuration": [],
            "etag": "tIeDCLJ2n8URBrgDvVrQRw==",
            "expiration_time": 0,
            "external_data_configuration": [],
            "friendly_name": "",
            "id": "projects/pruebas-edem-dataproject3/datasets/gado_analytics/tables/brain_usage_dev_data",
            "labels": {},
            "last_modified_time": 1775761189520,
            "location": "europe-west1",
            "materialized_view": [],
            "max_staleness": "",
            "num_bytes": 0,
            "num_long_term_bytes": 0,
            "num_rows": 0,
            "project": "pruebas-edem-dataproject3",
            "range_partitioning": [],
            "require_partition_filter": false,
            "resource_tags": {},
            "schema": "[{\"mode\":\"REQUIRED\",\"name\":\"created_at\",\"type\":\"TIMESTAMP\"},{\"mode\":\"REQUIRED\",\"name\":\"provider\",\"type\":\"STRING\"},{\"mode\":\"NULLABLE\",\"name\":\"query\",\"type\":\"STRING\"},{\"mode\":\"NULLABLE\",\"name\":\"input_tokens\",\"type\":\"INTEGER\"},{\"mode\":\"NULLABLE\",\"name\":\"output_tokens\",\"type\":\"INTEGER\"},{\"mode\":\"NULLABLE\",\"name\":\"latency_ms\",\"type\":\"INTEGER\"},{\"mode\":\"NULLABLE\",\"name\":\"success\",\"type\":\"BOOLEAN\"},{\"mode\":\"NULLABLE\",\"name\":\"endpoint\",\"type\":\"STRING\"}]",
            "self_link": "https://bigquery.googleapis.com/bigquery/v2/projects/pruebas-edem-dataproject3/datasets/gado_analytics/tables/brain_usage_dev_data",
            "table_constraints": [],
            "table_id": "brain_usage_dev_data",
            "table_replication_info": [],
            "terraform_labels": {},
            "time_partitioning": [
              {
                "expiration_ms": 0,
                "field": "created_at",
                "require_partition_filter": false,
                "type": "DAY"
              }
            ],
            "type": "TABLE",
            "view": []
          },
          "sensitive_attributes": [],
          "private": "bnVsbA=="
        }
      ]
    },
    {
      "module": "module.bigquery_tables",
      "mode": "managed",
      "type": "google_bigquery_table",
      "name": "category_popularity",
      "provider": "provider[\"registry.terraform.io/hashicorp/google\"]",
      "instances": [
        {
          "schema_version": 0,
          "attributes": {
            "allow_resource_tags_on_deletion": false,
            "clustering": null,
            "creation_time": 1775761189467,
            "dataset_id": "gado_snapshots",
            "deletion_protection": false,
            "description": "",
            "effective_labels": {},
            "encryption_configuration": [],
            "etag": "l3HdXVnLVbyRc8b2qPnzqQ==",
            "expiration_time": 0,
            "external_data_configuration": [],
            "friendly_name": "",
            "id": "projects/pruebas-edem-dataproject3/datasets/gado_snapshots/tables/category_popularity_dev_data",
            "labels": {},
            "last_modified_time": 1775761189496,
            "location": "europe-west1",
            "materialized_view": [],
            "max_staleness": "",
            "num_bytes": 0,
            "num_long_term_bytes": 0,
            "num_rows": 0,
            "project": "pruebas-edem-dataproject3",
            "range_partitioning": [],
            "require_partition_filter": false,
            "resource_tags": {},
            "schema": "[{\"mode\":\"REQUIRED\",\"name\":\"week\",\"type\":\"DATE\"},{\"mode\":\"REQUIRED\",\"name\":\"category\",\"type\":\"STRING\"},{\"mode\":\"NULLABLE\",\"name\":\"searches\",\"type\":\"INTEGER\"},{\"mode\":\"NULLABLE\",\"name\":\"recommendations\",\"type\":\"INTEGER\"},{\"mode\":\"NULLABLE\",\"name\":\"avg_results\",\"type\":\"FLOAT\"}]",
            "self_link": "https://bigquery.googleapis.com/bigquery/v2/projects/pruebas-edem-dataproject3/datasets/gado_snapshots/tables/category_popularity_dev_data",
            "table_constraints": [],
            "table_id": "category_popularity_dev_data",
            "table_replication_info": [],
            "terraform_labels": {},
            "time_partitioning": [],
            "type": "TABLE",
            "view": []
          },
          "sensitive_attributes": [],
          "private": "bnVsbA=="
        }
      ]
    },
    {
      "module": "module.bigquery_tables",
      "mode": "managed",
      "type": "google_bigquery_table",
      "name": "daily_kpis",
      "provider": "provider[\"registry.terraform.io/hashicorp/google\"]",
      "instances": [
        {
          "schema_version": 0,
          "attributes": {
            "allow_resource_tags_on_deletion": false,
            "clustering": null,
            "creation_time": 1775761189485,
            "dataset_id": "gado_snapshots",
            "deletion_protection": false,
            "description": "",
            "effective_labels": {},
            "encryption_configuration": [],
            "etag": "CnKhiEOix2HrXflMumcDoQ==",
            "expiration_time": 0,
            "external_data_configuration": [],
            "friendly_name": "",
            "id": "projects/pruebas-edem-dataproject3/datasets/gado_snapshots/tables/daily_kpis_dev_data",
            "labels": {},
            "last_modified_time": 1775761189522,
            "location": "europe-west1",
            "materialized_view": [],
            "max_staleness": "",
            "num_bytes": 0,
            "num_long_term_bytes": 0,
            "num_rows": 0,
            "project": "pruebas-edem-dataproject3",
            "range_partitioning": [],
            "require_partition_filter": false,
            "resource_tags": {},
            "schema": "[{\"mode\":\"REQUIRED\",\"name\":\"date\",\"type\":\"DATE\"},{\"mode\":\"NULLABLE\",\"name\":\"dau\",\"type\":\"INTEGER\"},{\"mode\":\"NULLABLE\",\"name\":\"searches\",\"type\":\"INTEGER\"},{\"mode\":\"NULLABLE\",\"name\":\"recommendations\",\"type\":\"INTEGER\"},{\"mode\":\"NULLABLE\",\"name\":\"reports_created\",\"type\":\"INTEGER\"},{\"mode\":\"NULLABLE\",\"name\":\"reports_active\",\"type\":\"INTEGER\"},{\"mode\":\"NULLABLE\",\"name\":\"avg_response_ms\",\"type\":\"FLOAT\"},{\"mode\":\"NULLABLE\",\"name\":\"brain_calls\",\"type\":\"INTEGER\"}]",
            "self_link": "https://bigquery.googleapis.com/bigquery/v2/projects/pruebas-edem-dataproject3/datasets/gado_snapshots/tables/daily_kpis_dev_data",
            "table_constraints": [],
            "table_id": "daily_kpis_dev_data",
            "table_replication_info": [],
            "terraform_labels": {},
            "time_partitioning": [
              {
                "expiration_ms": 0,
                "field": "date",
                "require_partition_filter": false,
                "type": "DAY"
              }
            ],
            "type": "TABLE",
            "view": []
          },
          "sensitive_attributes": [],
          "private": "bnVsbA=="
        }
      ]
    },
    {
      "module": "module.bigquery_tables",
      "mode": "managed",
      "type": "google_bigquery_table",
      "name": "recommendation_events",
      "provider": "provider[\"registry.terraform.io/hashicorp/google\"]",
      "instances": [
        {
          "schema_version": 0,
          "attributes": {
            "allow_resource_tags_on_deletion": false,
            "clustering": null,
            "creation_time": 1775761189479,
            "dataset_id": "gado_analytics",
            "deletion_protection": false,
            "description": "",
            "effective_labels": {},
            "encryption_configuration": [],
            "etag": "4ah7bU3oJ+N37MqSUJGtJQ==",
            "expiration_time": 0,
            "external_data_configuration": [],
            "friendly_name": "",
            "id": "projects/pruebas-edem-dataproject3/datasets/gado_analytics/tables/recommendation_events_dev_data",
            "labels": {},
            "last_modified_time": 1775761189520,
            "location": "europe-west1",
            "materialized_view": [],
            "max_staleness": "",
            "num_bytes": 0,
            "num_long_term_bytes": 0,
            "num_rows": 0,
            "project": "pruebas-edem-dataproject3",
            "range_partitioning": [],
            "require_partition_filter": false,
            "resource_tags": {},
            "schema": "[{\"mode\":\"REQUIRED\",\"name\":\"created_at\",\"type\":\"TIMESTAMP\"},{\"mode\":\"NULLABLE\",\"name\":\"user_id\",\"type\":\"STRING\"},{\"mode\":\"REQUIRED\",\"name\":\"category\",\"type\":\"STRING\"},{\"mode\":\"NULLABLE\",\"name\":\"mood\",\"type\":\"STRING\"},{\"mode\":\"NULLABLE\",\"name\":\"subcategory\",\"type\":\"STRING\"},{\"mode\":\"NULLABLE\",\"name\":\"lat\",\"type\":\"FLOAT\"},{\"mode\":\"NULLABLE\",\"name\":\"lng\",\"type\":\"FLOAT\"},{\"mode\":\"NULLABLE\",\"name\":\"places_returned\",\"type\":\"INTEGER\"},{\"mode\":\"NULLABLE\",\"name\":\"model_used\",\"type\":\"STRING\"},{\"mode\":\"NULLABLE\",\"name\":\"response_ms\",\"type\":\"INTEGER\"}]",
            "self_link": "https://bigquery.googleapis.com/bigquery/v2/projects/pruebas-edem-dataproject3/datasets/gado_analytics/tables/recommendation_events_dev_data",
            "table_constraints": [],
            "table_id": "recommendation_events_dev_data",
            "table_replication_info": [],
            "terraform_labels": {},
            "time_partitioning": [
              {
                "expiration_ms": 0,
                "field": "created_at",
                "require_partition_filter": false,
                "type": "DAY"
              }
            ],
            "type": "TABLE",
            "view": []
          },
          "sensitive_attributes": [],
          "private": "bnVsbA=="
        }
      ]
    },
    {
      "module": "module.bigquery_tables",
      "mode": "managed",
      "type": "google_bigquery_table",
      "name": "report_lifecycle",
      "provider": "provider[\"registry.terraform.io/hashicorp/google\"]",
      "instances": [
        {
          "schema_version": 0,
          "attributes": {
            "allow_resource_tags_on_deletion": false,
            "clustering": null,
            "creation_time": 1775761189501,
            "dataset_id": "gado_analytics",
            "deletion_protection": false,
            "description": "",
            "effective_labels": {},
            "encryption_configuration": [],
            "etag": "ass2hdmNq32YwDCGoUFjaA==",
            "expiration_time": 0,
            "external_data_configuration": [],
            "friendly_name": "",
            "id": "projects/pruebas-edem-dataproject3/datasets/gado_analytics/tables/report_lifecycle_dev_data",
            "labels": {},
            "last_modified_time": 1775761189551,
            "location": "europe-west1",
            "materialized_view": [],
            "max_staleness": "",
            "num_bytes": 0,
            "num_long_term_bytes": 0,
            "num_rows": 0,
            "project": "pruebas-edem-dataproject3",
            "range_partitioning": [],
            "require_partition_filter": false,
            "resource_tags": {},
            "schema": "[{\"mode\":\"REQUIRED\",\"name\":\"created_at\",\"type\":\"TIMESTAMP\"},{\"mode\":\"REQUIRED\",\"name\":\"report_id\",\"type\":\"STRING\"},{\"mode\":\"REQUIRED\",\"name\":\"event_type\",\"type\":\"STRING\"},{\"mode\":\"NULLABLE\",\"name\":\"report_type\",\"type\":\"STRING\"},{\"mode\":\"NULLABLE\",\"name\":\"lat\",\"type\":\"FLOAT\"},{\"mode\":\"NULLABLE\",\"name\":\"lng\",\"type\":\"FLOAT\"},{\"mode\":\"NULLABLE\",\"name\":\"confirmations\",\"type\":\"INTEGER\"},{\"mode\":\"NULLABLE\",\"name\":\"denials\",\"type\":\"INTEGER\"},{\"mode\":\"NULLABLE\",\"name\":\"confidence\",\"type\":\"FLOAT\"},{\"mode\":\"NULLABLE\",\"name\":\"actor_type\",\"type\":\"STRING\"}]",
            "self_link": "https://bigquery.googleapis.com/bigquery/v2/projects/pruebas-edem-dataproject3/datasets/gado_analytics/tables/report_lifecycle_dev_data",
            "table_constraints": [],
            "table_id": "report_lifecycle_dev_data",
            "table_replication_info": [],
            "terraform_labels": {},
            "time_partitioning": [
              {
                "expiration_ms": 0,
                "field": "created_at",
                "require_partition_filter": false,
                "type": "DAY"
              }
            ],
            "type": "TABLE",
            "view": []
          },
          "sensitive_attributes": [],
          "private": "bnVsbA=="
        }
      ]
    },
    {
      "module": "module.bigquery_tables",
      "mode": "managed",
      "type": "google_bigquery_table",
      "name": "search_events",
      "provider": "provider[\"registry.terraform.io/hashicorp/google\"]",
      "instances": [
        {
          "schema_version": 0,
          "attributes": {
            "allow_resource_tags_on_deletion": false,
            "clustering": null,
            "creation_time": 1775761189479,
            "dataset_id": "gado_analytics",
            "deletion_protection": false,
            "description": "",
            "effective_labels": {},
            "encryption_configuration": [],
            "etag": "0Ntm++PxA8f5FSpfhI7xag==",
            "expiration_time": 0,
            "external_data_configuration": [],
            "friendly_name": "",
            "id": "projects/pruebas-edem-dataproject3/datasets/gado_analytics/tables/search_events_dev_data",
            "labels": {},
            "last_modified_time": 1775761189517,
            "location": "europe-west1",
            "materialized_view": [],
            "max_staleness": "",
            "num_bytes": 0,
            "num_long_term_bytes": 0,
            "num_rows": 0,
            "project": "pruebas-edem-dataproject3",
            "range_partitioning": [],
            "require_partition_filter": false,
            "resource_tags": {},
            "schema": "[{\"mode\":\"REQUIRED\",\"name\":\"created_at\",\"type\":\"TIMESTAMP\"},{\"mode\":\"NULLABLE\",\"name\":\"session_id\",\"type\":\"STRING\"},{\"mode\":\"NULLABLE\",\"name\":\"user_id\",\"type\":\"STRING\"},{\"mode\":\"REQUIRED\",\"name\":\"query\",\"type\":\"STRING\"},{\"mode\":\"NULLABLE\",\"name\":\"category\",\"type\":\"STRING\"},{\"mode\":\"NULLABLE\",\"name\":\"lat\",\"type\":\"FLOAT\"},{\"mode\":\"NULLABLE\",\"name\":\"lng\",\"type\":\"FLOAT\"},{\"mode\":\"NULLABLE\",\"name\":\"radius_m\",\"type\":\"INTEGER\"},{\"mode\":\"NULLABLE\",\"name\":\"result_count\",\"type\":\"INTEGER\"},{\"mode\":\"NULLABLE\",\"name\":\"response_ms\",\"type\":\"INTEGER\"},{\"mode\":\"NULLABLE\",\"name\":\"used_brain\",\"type\":\"BOOLEAN\"},{\"mode\":\"NULLABLE\",\"name\":\"brain_query\",\"type\":\"STRING\"}]",
            "self_link": "https://bigquery.googleapis.com/bigquery/v2/projects/pruebas-edem-dataproject3/datasets/gado_analytics/tables/search_events_dev_data",
            "table_constraints": [],
            "table_id": "search_events_dev_data",
            "table_replication_info": [],
            "terraform_labels": {},
            "time_partitioning": [
              {
                "expiration_ms": 0,
                "field": "created_at",
                "require_partition_filter": false,
                "type": "DAY"
              }
            ],
            "type": "TABLE",
            "view": []
          },
          "sensitive_attributes": [],
          "private": "bnVsbA=="
        }
      ]
    },
    {
      "module": "module.bigquery_tables",
      "mode": "managed",
      "type": "google_bigquery_table",
      "name": "vote_events",
      "provider": "provider[\"registry.terraform.io/hashicorp/google\"]",
      "instances": [
        {
          "schema_version": 0,
          "attributes": {
            "allow_resource_tags_on_deletion": false,
            "clustering": null,
            "creation_time": 1775761189470,
            "dataset_id": "gado_analytics",
            "deletion_protection": false,
            "description": "",
            "effective_labels": {},
            "encryption_configuration": [],
            "etag": "FdVp9vSNgMK4C3R/18puDw==",
            "expiration_time": 0,
            "external_data_configuration": [],
            "friendly_name": "",
            "id": "projects/pruebas-edem-dataproject3/datasets/gado_analytics/tables/vote_events_dev_data",
            "labels": {},
            "last_modified_time": 1775761189499,
            "location": "europe-west1",
            "materialized_view": [],
            "max_staleness": "",
            "num_bytes": 0,
            "num_long_term_bytes": 0,
            "num_rows": 0,
            "project": "pruebas-edem-dataproject3",
            "range_partitioning": [],
            "require_partition_filter": false,
            "resource_tags": {},
            "schema": "[{\"mode\":\"REQUIRED\",\"name\":\"created_at\",\"type\":\"TIMESTAMP\"},{\"mode\":\"REQUIRED\",\"name\":\"item_type\",\"type\":\"STRING\"},{\"mode\":\"REQUIRED\",\"name\":\"item_id\",\"type\":\"STRING\"},{\"mode\":\"REQUIRED\",\"name\":\"vote\",\"type\":\"INTEGER\"},{\"mode\":\"NULLABLE\",\"name\":\"actor_type\",\"type\":\"STRING\"},{\"mode\":\"NULLABLE\",\"name\":\"category\",\"type\":\"STRING\"}]",
            "self_link": "https://bigquery.googleapis.com/bigquery/v2/projects/pruebas-edem-dataproject3/datasets/gado_analytics/tables/vote_events_dev_data",
            "table_constraints": [],
            "table_id": "vote_events_dev_data",
            "table_replication_info": [],
            "terraform_labels": {},
            "time_partitioning": [
              {
                "expiration_ms": 0,
                "field": "created_at",
                "require_partition_filter": false,
                "type": "DAY"
              }
            ],
            "type": "TABLE",
            "view": []
          },
          "sensitive_attributes": [],
          "private": "bnVsbA=="
        }
      ]
    },
    {
      "module": "module.cloud_run",
      "mode": "managed",
      "type": "google_cloud_run_v2_service",
      "name": "api",
      "provider": "provider[\"registry.terraform.io/hashicorp/google\"]",
      "instances": [
        {
          "schema_version": 0,
          "attributes": {
            "annotations": {},
            "binary_authorization": [],
            "client": "",
            "client_version": "",
            "conditions": [
              {
                "execution_reason": "",
                "last_transition_time": "2026-04-09T20:35:09.545647Z",
                "message": "",
                "reason": "",
                "revision_reason": "",
                "severity": "",
                "state": "CONDITION_SUCCEEDED",
                "type": "RoutesReady"
              },
              {
                "execution_reason": "",
                "last_transition_time": "2026-04-09T20:34:57.426411Z",
                "message": "",
                "reason": "",
                "revision_reason": "",
                "severity": "",
                "state": "CONDITION_SUCCEEDED",
                "type": "ConfigurationsReady"
              }
            ],
            "create_time": "2026-04-09T19:49:40.082168Z",
            "creator": "pgaespdata@gmail.com",
            "custom_audiences": [],
            "delete_time": "",
            "description": "",
            "effective_annotations": {},
            "effective_labels": {},
            "etag": "\"CPCa4M4GEMjJ13E/cHJvamVjdHMvcHJ1ZWJhcy1lZGVtLWRhdGFwcm9qZWN0My9sb2NhdGlvbnMvZXVyb3BlLXdlc3QxL3NlcnZpY2VzL3Jlc3RhdXJhbnQtYXBpLWRldi1kYXRh\"",
            "expire_time": "",
            "generation": "2",
            "id": "projects/pruebas-edem-dataproject3/locations/europe-west1/services/restaurant-api-dev-data",
            "ingress": "INGRESS_TRAFFIC_ALL",
            "labels": {},
            "last_modifier": "pgaespdata@gmail.com",
            "latest_created_revision": "projects/pruebas-edem-dataproject3/locations/europe-west1/services/restaurant-api-dev-data/revisions/restaurant-api-dev-data-00002-qrp",
            "latest_ready_revision": "projects/pruebas-edem-dataproject3/locations/europe-west1/services/restaurant-api-dev-data/revisions/restaurant-api-dev-data-00002-qrp",
            "launch_stage": "GA",
            "location": "europe-west1",
            "name": "restaurant-api-dev-data",
            "observed_generation": "2",
            "project": "pruebas-edem-dataproject3",
            "reconciling": false,
            "template": [
              {
                "annotations": {
                  "build-id": "1420894772261577035"
                },
                "containers": [
                  {
                    "args": [],
                    "command": [],
                    "depends_on": [],
                    "env": [
                      {
                        "name": "DATABASE_URL",
                        "value": "",
                        "value_source": [
                          {
                            "secret_key_ref": [
                              {
                                "secret": "database-url-dev-data",
                                "version": "latest"
                              }
                            ]
                          }
                        ]
                      },
                      {
                        "name": "BRAIN_PROVIDER",
                        "value": "gemini",
                        "value_source": []
                      },
                      {
                        "name": "GEOAPIFY_API_KEY",
                        "value": "",
                        "value_source": [
                          {
                            "secret_key_ref": [
                              {
                                "secret": "geoapify-api-key",
                                "version": "latest"
                              }
                            ]
                          }
                        ]
                      },
                      {
                        "name": "GOOGLE_GENAI_API_KEY",
                        "value": "",
                        "value_source": [
                          {
                            "secret_key_ref": [
                              {
                                "secret": "google-genai-api-key",
                                "version": "latest"
                              }
                            ]
                          }
                        ]
                      },
                      {
                        "name": "GOOGLE_MAPS_API_KEY",
                        "value": "",
                        "value_source": [
                          {
                            "secret_key_ref": [
                              {
                                "secret": "google-maps-api-key",
                                "version": "latest"
                              }
                            ]
                          }
                        ]
                      },
                      {
                        "name": "GROQ_API_KEY",
                        "value": "",
                        "value_source": [
                          {
                            "secret_key_ref": [
                              {
                                "secret": "groq-api-key",
                                "version": "latest"
                              }
                            ]
                          }
                        ]
                      },
                      {
                        "name": "HERE_API_KEY",
                        "value": "",
                        "value_source": [
                          {
                            "secret_key_ref": [
                              {
                                "secret": "here-api-key",
                                "version": "latest"
                              }
                            ]
                          }
                        ]
                      },
                      {
                        "name": "OPENROUTER_API_KEY",
                        "value": "",
                        "value_source": [
                          {
                            "secret_key_ref": [
                              {
                                "secret": "openrouter-api-key",
                                "version": "latest"
                              }
                            ]
                          }
                        ]
                      },
                      {
                        "name": "TRIPADVISOR_API_KEY",
                        "value": "",
                        "value_source": [
                          {
                            "secret_key_ref": [
                              {
                                "secret": "tripadvisor-api-key",
                                "version": "latest"
                              }
                            ]
                          }
                        ]
                      },
                      {
                        "name": "YELP_API_KEY",
                        "value": "",
                        "value_source": [
                          {
                            "secret_key_ref": [
                              {
                                "secret": "yelp-api-key",
                                "version": "latest"
                              }
                            ]
                          }
                        ]
                      }
                    ],
                    "image": "europe-west1-docker.pkg.dev/pruebas-edem-dataproject3/restaurant-api/api:latest",
                    "liveness_probe": [],
                    "name": "",
                    "ports": [
                      {
                        "container_port": 8080,
                        "name": "http1"
                      }
                    ],
                    "resources": [
                      {
                        "cpu_idle": false,
                        "limits": {
                          "cpu": "1",
                          "memory": "512Mi"
                        },
                        "startup_cpu_boost": false
                      }
                    ],
                    "startup_probe": [
                      {
                        "failure_threshold": 1,
                        "grpc": [],
                        "http_get": [],
                        "initial_delay_seconds": 0,
                        "period_seconds": 240,
                        "tcp_socket": [
                          {
                            "port": 8080
                          }
                        ],
                        "timeout_seconds": 240
                      }
                    ],
                    "volume_mounts": [
                      {
                        "mount_path": "/cloudsql",
                        "name": "cloudsql"
                      }
                    ],
                    "working_dir": ""
                  }
                ],
                "encryption_key": "",
                "execution_environment": "",
                "labels": {},
                "max_instance_request_concurrency": 80,
                "revision": "",
                "scaling": [
                  {
                    "max_instance_count": 10,
                    "min_instance_count": 0
                  }
                ],
                "service_account": "cloud-run-api@pruebas-edem-dataproject3.iam.gserviceaccount.com",
                "session_affinity": false,
                "timeout": "300s",
                "volumes": [
                  {
                    "cloud_sql_instance": [
                      {
                        "instances": [
                          "pruebas-edem-dataproject3:europe-west1:gado-postgres-dev-data"
                        ]
                      }
                    ],
                    "gcs": [],
                    "name": "cloudsql",
                    "nfs": [],
                    "secret": []
                  }
                ],
                "vpc_access": []
              }
            ],
            "terminal_condition": [
              {
                "execution_reason": "",
                "last_transition_time": "2026-04-09T20:35:09.572631Z",
                "message": "",
                "reason": "",
                "revision_reason": "",
                "severity": "",
                "state": "CONDITION_SUCCEEDED",
                "type": "Ready"
              }
            ],
            "terraform_labels": {},
            "timeouts": null,
            "traffic": [
              {
                "percent": 100,
                "revision": "",
                "tag": "",
                "type": "TRAFFIC_TARGET_ALLOCATION_TYPE_LATEST"
              }
            ],
            "traffic_statuses": [
              {
                "percent": 100,
                "revision": "",
                "tag": "",
                "type": "TRAFFIC_TARGET_ALLOCATION_TYPE_LATEST",
                "uri": ""
              }
            ],
            "uid": "cc203852-c4b8-46df-a5bb-92f9e950e778",
            "update_time": "2026-04-09T20:34:56.238413Z",
            "uri": "https://restaurant-api-dev-data-gcfbpra65a-ew.a.run.app"
          },
          "sensitive_attributes": [],
          "private": "eyJlMmJmYjczMC1lY2FhLTExZTYtOGY4OC0zNDM2M2JjN2M0YzAiOnsiY3JlYXRlIjoxMjAwMDAwMDAwMDAwLCJkZWxldGUiOjEyMDAwMDAwMDAwMDAsInVwZGF0ZSI6MTIwMDAwMDAwMDAwMH19",
          "dependencies": [
            "data.terraform_remote_state.shared",
            "module.apis.google_project_service.required",
            "module.cloud_run.google_service_account.cloud_run",
            "module.cloud_sql.google_secret_manager_secret.database_url",
            "module.cloud_sql.google_secret_manager_secret_version.database_url",
            "module.cloud_sql.google_sql_database.gado",
            "module.cloud_sql.google_sql_database_instance.main",
            "module.cloud_sql.google_sql_user.app",
            "module.cloud_sql.random_password.db_password"
          ]
        }
      ]
    },
    {
      "module": "module.cloud_run",
      "mode": "managed",
      "type": "google_service_account",
      "name": "cloud_run",
      "provider": "provider[\"registry.terraform.io/hashicorp/google\"]",
      "instances": [
        {
          "schema_version": 0,
          "attributes": {
            "account_id": "cloud-run-api",
            "create_ignore_already_exists": null,
            "description": "",
            "disabled": false,
            "display_name": "Cloud Run API SA",
            "email": "cloud-run-api@pruebas-edem-dataproject3.iam.gserviceaccount.com",
            "id": "projects/pruebas-edem-dataproject3/serviceAccounts/cloud-run-api@pruebas-edem-dataproject3.iam.gserviceaccount.com",
            "member": "serviceAccount:cloud-run-api@pruebas-edem-dataproject3.iam.gserviceaccount.com",
            "name": "projects/pruebas-edem-dataproject3/serviceAccounts/cloud-run-api@pruebas-edem-dataproject3.iam.gserviceaccount.com",
            "project": "pruebas-edem-dataproject3",
            "timeouts": null,
            "unique_id": "107076214884518477718"
          },
          "sensitive_attributes": [],
          "private": "eyJlMmJmYjczMC1lY2FhLTExZTYtOGY4OC0zNDM2M2JjN2M0YzAiOnsiY3JlYXRlIjozMDAwMDAwMDAwMDB9LCJzY2hlbWFfdmVyc2lvbiI6IjAifQ==",
          "dependencies": [
            "module.apis.google_project_service.required",
            "module.cloud_sql.google_secret_manager_secret.database_url",
            "module.cloud_sql.google_secret_manager_secret_version.database_url",
            "module.cloud_sql.google_sql_database.gado",
            "module.cloud_sql.google_sql_database_instance.main",
            "module.cloud_sql.google_sql_user.app",
            "module.cloud_sql.random_password.db_password"
          ]
        }
      ]
    },
    {
      "module": "module.cloud_run_frontend",
      "mode": "managed",
      "type": "google_cloud_run_v2_service",
      "name": "frontend",
      "provider": "provider[\"registry.terraform.io/hashicorp/google\"]",
      "instances": [
        {
          "schema_version": 0,
          "attributes": {
            "annotations": {},
            "binary_authorization": [],
            "client": "",
            "client_version": "",
            "conditions": [
              {
                "execution_reason": "",
                "last_transition_time": "2026-04-09T23:12:42.864140Z",
                "message": "",
                "reason": "",
                "revision_reason": "",
                "severity": "",
                "state": "CONDITION_SUCCEEDED",
                "type": "RoutesReady"
              },
              {
                "execution_reason": "",
                "last_transition_time": "2026-04-09T23:12:36.379317Z",
                "message": "",
                "reason": "",
                "revision_reason": "",
                "severity": "",
                "state": "CONDITION_SUCCEEDED",
                "type": "ConfigurationsReady"
              }
            ],
            "create_time": "2026-04-09T20:05:36.059853Z",
            "creator": "pgaespdata@gmail.com",
            "custom_audiences": [],
            "delete_time": "",
            "description": "",
            "effective_annotations": {},
            "effective_labels": {},
            "etag": "\"COLk4M4GEIigpFY/cHJvamVjdHMvcHJ1ZWJhcy1lZGVtLWRhdGFwcm9qZWN0My9sb2NhdGlvbnMvZXVyb3BlLXdlc3QxL3NlcnZpY2VzL2dhZG8tZnJvbnRlbmQtZGV2LWRhdGE\"",
            "expire_time": "",
            "generation": "7",
            "id": "projects/pruebas-edem-dataproject3/locations/europe-west1/services/gado-frontend-dev-data",
            "ingress": "INGRESS_TRAFFIC_ALL",
            "labels": {},
            "last_modifier": "pgaespdata@gmail.com",
            "latest_created_revision": "projects/pruebas-edem-dataproject3/locations/europe-west1/services/gado-frontend-dev-data/revisions/gado-frontend-dev-data-00007-fdw",
            "latest_ready_revision": "projects/pruebas-edem-dataproject3/locations/europe-west1/services/gado-frontend-dev-data/revisions/gado-frontend-dev-data-00007-fdw",
            "launch_stage": "GA",
            "location": "europe-west1",
            "name": "gado-frontend-dev-data",
            "observed_generation": "7",
            "project": "pruebas-edem-dataproject3",
            "reconciling": false,
            "template": [
              {
                "annotations": {
                  "build-id": "6838199852698437663"
                },
                "containers": [
                  {
                    "args": [],
                    "command": [],
                    "depends_on": [],
                    "env": [
                      {
                        "name": "EXPO_PUBLIC_BACKEND_URL",
                        "value": "https://restaurant-api-dev-data-gcfbpra65a-ew.a.run.app",
                        "value_source": []
                      },
                      {
                        "name": "EXPO_PUBLIC_FIREBASE_API_KEY",
                        "value": "AIzaSyCX0-9fY8G5wbkfksWTkFseQecl1bRR4zA",
                        "value_source": []
                      },
                      {
                        "name": "EXPO_PUBLIC_FIREBASE_AUTH_DOMAIN",
                        "value": "pruebas-edem-dataproject3.firebaseapp.com",
                        "value_source": []
                      },
                      {
                        "name": "EXPO_PUBLIC_FIREBASE_PROJECT_ID",
                        "value": "pruebas-edem-dataproject3",
                        "value_source": []
                      },
                      {
                        "name": "EXPO_PUBLIC_FIREBASE_STORAGE_BUCKET",
                        "value": "pruebas-edem-dataproject3.firebasestorage.app",
                        "value_source": []
                      },
                      {
                        "name": "EXPO_PUBLIC_FIREBASE_MESSAGING_SENDER_ID",
                        "value": "434836706570",
                        "value_source": []
                      },
                      {
                        "name": "EXPO_PUBLIC_FIREBASE_APP_ID",
                        "value": "1:434836706570:web:3113f4c65d34c81f3796f3",
                        "value_source": []
                      }
                    ],
                    "image": "europe-west1-docker.pkg.dev/pruebas-edem-dataproject3/frontend-dev-data/frontend:latest",
                    "liveness_probe": [],
                    "name": "",
                    "ports": [
                      {
                        "container_port": 80,
                        "name": "http1"
                      }
                    ],
                    "resources": [
                      {
                        "cpu_idle": false,
                        "limits": {
                          "cpu": "1",
                          "memory": "512Mi"
                        },
                        "startup_cpu_boost": false
                      }
                    ],
                    "startup_probe": [
                      {
                        "failure_threshold": 1,
                        "grpc": [],
                        "http_get": [],
                        "initial_delay_seconds": 0,
                        "period_seconds": 240,
                        "tcp_socket": [
                          {
                            "port": 80
                          }
                        ],
                        "timeout_seconds": 240
                      }
                    ],
                    "volume_mounts": [],
                    "working_dir": ""
                  }
                ],
                "encryption_key": "",
                "execution_environment": "",
                "labels": {},
                "max_instance_request_concurrency": 80,
                "revision": "",
                "scaling": [
                  {
                    "max_instance_count": 5,
                    "min_instance_count": 0
                  }
                ],
                "service_account": "434836706570-compute@developer.gserviceaccount.com",
                "session_affinity": false,
                "timeout": "300s",
                "volumes": [],
                "vpc_access": []
              }
            ],
            "terminal_condition": [
              {
                "execution_reason": "",
                "last_transition_time": "2026-04-09T23:12:42.914340Z",
                "message": "",
                "reason": "",
                "revision_reason": "",
                "severity": "",
                "state": "CONDITION_SUCCEEDED",
                "type": "Ready"
              }
            ],
            "terraform_labels": {},
            "timeouts": null,
            "traffic": [
              {
                "percent": 100,
                "revision": "",
                "tag": "",
                "type": "TRAFFIC_TARGET_ALLOCATION_TYPE_LATEST"
              }
            ],
            "traffic_statuses": [
              {
                "percent": 100,
                "revision": "",
                "tag": "",
                "type": "TRAFFIC_TARGET_ALLOCATION_TYPE_LATEST",
                "uri": ""
              }
            ],
            "uid": "11e0a387-4606-4b56-993a-f37c33ec0095",
            "update_time": "2026-04-09T23:12:34.180949Z",
            "uri": "https://gado-frontend-dev-data-gcfbpra65a-ew.a.run.app"
          },
          "sensitive_attributes": [
            [
              {
                "type": "get_attr",
                "value": "template"
              },
              {
                "type": "index",
                "value": {
                  "value": 0,
                  "type": "number"
                }
              },
              {
                "type": "get_attr",
                "value": "containers"
              },
              {
                "type": "index",
                "value": {
                  "value": 0,
                  "type": "number"
                }
              },
              {
                "type": "get_attr",
                "value": "env"
              },
              {
                "type": "index",
                "value": {
                  "value": 1,
                  "type": "number"
                }
              },
              {
                "type": "get_attr",
                "value": "value"
              }
            ],
            [
              {
                "type": "get_attr",
                "value": "template"
              },
              {
                "type": "index",
                "value": {
                  "value": 0,
                  "type": "number"
                }
              },
              {
                "type": "get_attr",
                "value": "containers"
              },
              {
                "type": "index",
                "value": {
                  "value": 0,
                  "type": "number"
                }
              },
              {
                "type": "get_attr",
                "value": "env"
              },
              {
                "type": "index",
                "value": {
                  "value": 2,
                  "type": "number"
                }
              },
              {
                "type": "get_attr",
                "value": "value"
              }
            ],
            [
              {
                "type": "get_attr",
                "value": "template"
              },
              {
                "type": "index",
                "value": {
                  "value": 0,
                  "type": "number"
                }
              },
              {
                "type": "get_attr",
                "value": "containers"
              },
              {
                "type": "index",
                "value": {
                  "value": 0,
                  "type": "number"
                }
              },
              {
                "type": "get_attr",
                "value": "env"
              },
              {
                "type": "index",
                "value": {
                  "value": 4,
                  "type": "number"
                }
              },
              {
                "type": "get_attr",
                "value": "value"
              }
            ],
            [
              {
                "type": "get_attr",
                "value": "template"
              },
              {
                "type": "index",
                "value": {
                  "value": 0,
                  "type": "number"
                }
              },
              {
                "type": "get_attr",
                "value": "containers"
              },
              {
                "type": "index",
                "value": {
                  "value": 0,
                  "type": "number"
                }
              },
              {
                "type": "get_attr",
                "value": "env"
              },
              {
                "type": "index",
                "value": {
                  "value": 5,
                  "type": "number"
                }
              },
              {
                "type": "get_attr",
                "value": "value"
              }
            ],
            [
              {
                "type": "get_attr",
                "value": "template"
              },
              {
                "type": "index",
                "value": {
                  "value": 0,
                  "type": "number"
                }
              },
              {
                "type": "get_attr",
                "value": "containers"
              },
              {
                "type": "index",
                "value": {
                  "value": 0,
                  "type": "number"
                }
              },
              {
                "type": "get_attr",
                "value": "env"
              },
              {
                "type": "index",
                "value": {
                  "value": 6,
                  "type": "number"
                }
              },
              {
                "type": "get_attr",
                "value": "value"
              }
            ]
          ],
          "private": "eyJlMmJmYjczMC1lY2FhLTExZTYtOGY4OC0zNDM2M2JjN2M0YzAiOnsiY3JlYXRlIjoxMjAwMDAwMDAwMDAwLCJkZWxldGUiOjEyMDAwMDAwMDAwMDAsInVwZGF0ZSI6MTIwMDAwMDAwMDAwMH19",
          "dependencies": [
            "data.google_secret_manager_secret_version.firebase_api_key",
            "data.google_secret_manager_secret_version.firebase_app_id",
            "data.google_secret_manager_secret_version.firebase_auth_domain",
            "data.google_secret_manager_secret_version.firebase_messaging_sender_id",
            "data.google_secret_manager_secret_version.firebase_storage_bucket",
            "data.terraform_remote_state.shared",
            "module.apis.google_project_service.required",
            "module.cloud_run.google_cloud_run_v2_service.api",
            "module.cloud_run.google_service_account.cloud_run",
            "module.cloud_sql.google_secret_manager_secret.database_url",
            "module.cloud_sql.google_secret_manager_secret_version.database_url",
            "module.cloud_sql.google_sql_database.gado",
            "module.cloud_sql.google_sql_database_instance.main",
            "module.cloud_sql.google_sql_user.app",
            "module.cloud_sql.random_password.db_password",
            "module.registry_frontend.google_artifact_registry_repository.frontend",
            "module.registry_frontend.null_resource.docker_build_push"
          ]
        }
      ]
    },
    {
      "module": "module.cloud_run_frontend",
      "mode": "managed",
      "type": "google_cloud_run_v2_service_iam_member",
      "name": "public",
      "provider": "provider[\"registry.terraform.io/hashicorp/google\"]",
      "instances": [
        {
          "schema_version": 0,
          "attributes": {
            "condition": [],
            "etag": "BwZPDIrO9V4=",
            "id": "projects/pruebas-edem-dataproject3/locations/europe-west1/services/gado-frontend-dev-data/roles/run.invoker/allUsers",
            "location": "europe-west1",
            "member": "allUsers",
            "name": "projects/pruebas-edem-dataproject3/locations/europe-west1/services/gado-frontend-dev-data",
            "project": "pruebas-edem-dataproject3",
            "role": "roles/run.invoker"
          },
          "sensitive_attributes": [],
          "private": "bnVsbA==",
          "dependencies": [
            "data.google_secret_manager_secret_version.firebase_api_key",
            "data.google_secret_manager_secret_version.firebase_app_id",
            "data.google_secret_manager_secret_version.firebase_auth_domain",
            "data.google_secret_manager_secret_version.firebase_messaging_sender_id",
            "data.google_secret_manager_secret_version.firebase_storage_bucket",
            "data.terraform_remote_state.shared",
            "module.apis.google_project_service.required",
            "module.cloud_run.google_cloud_run_v2_service.api",
            "module.cloud_run.google_service_account.cloud_run",
            "module.cloud_run_frontend.google_cloud_run_v2_service.frontend",
            "module.cloud_sql.google_secret_manager_secret.database_url",
            "module.cloud_sql.google_secret_manager_secret_version.database_url",
            "module.cloud_sql.google_sql_database.gado",
            "module.cloud_sql.google_sql_database_instance.main",
            "module.cloud_sql.google_sql_user.app",
            "module.cloud_sql.random_password.db_password",
            "module.registry_frontend.google_artifact_registry_repository.frontend",
            "module.registry_frontend.null_resource.docker_build_push"
          ]
        }
      ]
    },
    {
      "module": "module.cloud_sql",
      "mode": "managed",
      "type": "google_secret_manager_secret",
      "name": "database_url",
      "provider": "provider[\"registry.terraform.io/hashicorp/google\"]",
      "instances": [
        {
          "schema_version": 0,
          "attributes": {
            "annotations": {},
            "create_time": "2026-04-09T18:59:57.189277Z",
            "effective_annotations": {},
            "effective_labels": {},
            "expire_time": "",
            "id": "projects/pruebas-edem-dataproject3/secrets/database-url-dev-data",
            "labels": {},
            "name": "projects/434836706570/secrets/database-url-dev-data",
            "project": "pruebas-edem-dataproject3",
            "replication": [
              {
                "auto": [
                  {
                    "customer_managed_encryption": []
                  }
                ],
                "user_managed": []
              }
            ],
            "rotation": [],
            "secret_id": "database-url-dev-data",
            "terraform_labels": {},
            "timeouts": null,
            "topics": [],
            "ttl": null,
            "version_aliases": {},
            "version_destroy_ttl": ""
          },
          "sensitive_attributes": [],
          "private": "eyJlMmJmYjczMC1lY2FhLTExZTYtOGY4OC0zNDM2M2JjN2M0YzAiOnsiY3JlYXRlIjoxMjAwMDAwMDAwMDAwLCJkZWxldGUiOjEyMDAwMDAwMDAwMDAsInVwZGF0ZSI6MTIwMDAwMDAwMDAwMH19",
          "dependencies": [
            "module.apis.google_project_service.required"
          ]
        }
      ]
    },
    {
      "module": "module.cloud_sql",
      "mode": "managed",
      "type": "google_secret_manager_secret_version",
      "name": "database_url",
      "provider": "provider[\"registry.terraform.io/hashicorp/google\"]",
      "instances": [
        {
          "schema_version": 0,
          "attributes": {
            "create_time": "2026-04-09T19:08:42.399228Z",
            "deletion_policy": "DELETE",
            "destroy_time": "",
            "enabled": true,
            "id": "projects/434836706570/secrets/database-url-dev-data/versions/1",
            "is_secret_data_base64": false,
            "name": "projects/434836706570/secrets/database-url-dev-data/versions/1",
            "secret": "projects/pruebas-edem-dataproject3/secrets/database-url-dev-data",
            "secret_data": "postgresql://gado_app:0uvl8wHx2ZdUWozrnBAxeoLEvYNBOKaz@/gado?host=/cloudsql/pruebas-edem-dataproject3:europe-west1:gado-postgres-dev-data",
            "timeouts": null,
            "version": "1"
          },
          "sensitive_attributes": [
            [
              {
                "type": "get_attr",
                "value": "secret_data"
              }
            ]
          ],
          "private": "eyJlMmJmYjczMC1lY2FhLTExZTYtOGY4OC0zNDM2M2JjN2M0YzAiOnsiY3JlYXRlIjoxMjAwMDAwMDAwMDAwLCJkZWxldGUiOjEyMDAwMDAwMDAwMDAsInVwZGF0ZSI6MTIwMDAwMDAwMDAwMH19",
          "dependencies": [
            "module.apis.google_project_service.required",
            "module.cloud_sql.google_secret_manager_secret.database_url",
            "module.cloud_sql.google_sql_database.gado",
            "module.cloud_sql.google_sql_database_instance.main",
            "module.cloud_sql.random_password.db_password"
          ]
        }
      ]
    },
    {
      "module": "module.cloud_sql",
      "mode": "managed",
      "type": "google_sql_database",
      "name": "gado",
      "provider": "provider[\"registry.terraform.io/hashicorp/google\"]",
      "instances": [
        {
          "schema_version": 0,
          "attributes": {
            "charset": "UTF8",
            "collation": "en_US.UTF8",
            "deletion_policy": "DELETE",
            "id": "projects/pruebas-edem-dataproject3/instances/gado-postgres-dev-data/databases/gado",
            "instance": "gado-postgres-dev-data",
            "name": "gado",
            "project": "pruebas-edem-dataproject3",
            "self_link": "https://sqladmin.googleapis.com/sql/v1beta4/projects/pruebas-edem-dataproject3/instances/gado-postgres-dev-data/databases/gado",
            "timeouts": null
          },
          "sensitive_attributes": [],
          "private": "eyJlMmJmYjczMC1lY2FhLTExZTYtOGY4OC0zNDM2M2JjN2M0YzAiOnsiY3JlYXRlIjoxMjAwMDAwMDAwMDAwLCJkZWxldGUiOjEyMDAwMDAwMDAwMDAsInVwZGF0ZSI6MTIwMDAwMDAwMDAwMH19",
          "dependencies": [
            "module.apis.google_project_service.required",
            "module.cloud_sql.google_sql_database_instance.main"
          ]
        }
      ]
    },
    {
      "module": "module.cloud_sql",
      "mode": "managed",
      "type": "google_sql_database_instance",
      "name": "main",
      "provider": "provider[\"registry.terraform.io/hashicorp/google\"]",
      "instances": [
        {
          "schema_version": 0,
          "attributes": {
            "available_maintenance_versions": [],
            "clone": [],
            "connection_name": "pruebas-edem-dataproject3:europe-west1:gado-postgres-dev-data",
            "database_version": "POSTGRES_15",
            "deletion_protection": false,
            "dns_name": "",
            "encryption_key_name": null,
            "first_ip_address": "34.22.210.206",
            "id": "gado-postgres-dev-data",
            "instance_type": "CLOUD_SQL_INSTANCE",
            "ip_address": [
              {
                "ip_address": "34.22.210.206",
                "time_to_retire": "",
                "type": "PRIMARY"
              },
              {
                "ip_address": "34.76.168.245",
                "time_to_retire": "",
                "type": "OUTGOING"
              }
            ],
            "maintenance_version": "POSTGRES_15_17.R20260319.00_02",
            "master_instance_name": "",
            "name": "gado-postgres-dev-data",
            "private_ip_address": "",
            "project": "pruebas-edem-dataproject3",
            "psc_service_attachment_link": "",
            "public_ip_address": "34.22.210.206",
            "region": "europe-west1",
            "replica_configuration": [],
            "restore_backup_context": [],
            "root_password": null,
            "self_link": "https://sqladmin.googleapis.com/sql/v1beta4/projects/pruebas-edem-dataproject3/instances/gado-postgres-dev-data",
            "server_ca_cert": [
              {
                "cert": "-----BEGIN CERTIFICATE-----\nMIIDcTCCAlmgAwIBAgIBADANBgkqhkiG9w0BAQsFADBwMS0wKwYDVQQuEyRkOWM0\nY2JiYS1lNzMxLTQ2MDUtYmZmOC1hN2M1ZDAxYWJjYWExHDAaBgNVBAMTE0Nsb3Vk\nIFNRTCBTZXJ2ZXIgQ0ExFDASBgNVBAoTC0dvb2dsZSwgSW5jMQswCQYDVQQGEwJV\nUzAeFw0yNjA0MDkxODU5NDFaFw0zNjA0MDYxOTAwNDFaMHAxLTArBgNVBC4TJGQ5\nYzRjYmJhLWU3MzEtNDYwNS1iZmY4LWE3YzVkMDFhYmNhYTEcMBoGA1UEAxMTQ2xv\ndWQgU1FMIFNlcnZlciBDQTEUMBIGA1UEChMLR29vZ2xlLCBJbmMxCzAJBgNVBAYT\nAlVTMIIBIjANBgkqhkiG9w0BAQEFAAOCAQ8AMIIBCgKCAQEAmr6ijZxa7r6pHQPR\nUFwE2NDfmzxs9adftNivdlKEcWOwHhG4Osh8QswAZK3HCkrlhdxviYcrXgHbLS8S\nHxKfz2EDjxrdkcU1k5ZBIRd44j8JX/n7Hsje9TPOMnaCPlzOFdsb9GO/+msnH0fH\nzrmDCECw96dikHpLtVApcebv6DiRx2vGlfqIfBku4M4KshpxG9aMmcH3NoYtYyvh\nmhJvVKnUwvzEhh5ICZapN7SrXR90L6sBkVUDZ8ZenSHyJs5Pkf33dN98hqeX4RQJ\nrJdO7jCwVvWoODinWwrHx3pw5TI40v2C+z4z68S+jbqOIHc8VCa9Ecu1hCXY9lyK\nwIxJUwIDAQABoxYwFDASBgNVHRMBAf8ECDAGAQH/AgEAMA0GCSqGSIb3DQEBCwUA\nA4IBAQCYU6S5nYt0pf7BD8oBREf1Opn3k+tf9m2iZZKBMHRGiHmGtQakLfK8GCXk\nJJ6YWBk0iIoKuH+ZAfindk59E0iC8qN5d8f8YXlA3b80lCzOXIkLgGhtzA8cSQyR\nrut33CaZiTwAK8uCPPoI6DtqcGmjtmkMIbMMbnE1r+Q1Bbiw2y5MunYYrOtCnxn+\nnvKu0WLO6MYlwIRExBHcbASEBo/SeO5W3m9Dx65fLxohNPqrwCPMMAcwy0EDuaMp\npSnmcs4F+cyGWciSJhtFAd30UrqoXZFJHKJDT3CW2EmkyIjo5osOdYNofyz9qUgC\nCPoepWtJ2HJhE+YUtO2hEJ0R/unj\n-----END CERTIFICATE-----",
                "common_name": "C=US,O=Google\\, Inc,CN=Cloud SQL Server CA,dnQualifier=d9c4cbba-e731-4605-bff8-a7c5d01abcaa",
                "create_time": "2026-04-09T18:59:41.400Z",
                "expiration_time": "2036-04-06T19:00:41.400Z",
                "sha1_fingerprint": "14325bc15b2c22770fe18a95586ceaaa7e437e26"
              }
            ],
            "service_account_email_address": "p434836706570-4v949i@gcp-sa-cloud-sql.iam.gserviceaccount.com",
            "settings": [
              {
                "activation_policy": "ALWAYS",
                "active_directory_config": [],
                "advanced_machine_features": [],
                "availability_type": "ZONAL",
                "backup_configuration": [
                  {
                    "backup_retention_settings": [
                      {
                        "retained_backups": 7,
                        "retention_unit": "COUNT"
                      }
                    ],
                    "binary_log_enabled": false,
                    "enabled": true,
                    "location": "",
                    "point_in_time_recovery_enabled": false,
                    "start_time": "19:00",
                    "transaction_log_retention_days": 7
                  }
                ],
                "collation": "",
                "connector_enforcement": "NOT_REQUIRED",
                "data_cache_config": [],
                "database_flags": [],
                "deletion_protection_enabled": false,
                "deny_maintenance_period": [],
                "disk_autoresize": true,
                "disk_autoresize_limit": 0,
                "disk_size": 10,
                "disk_type": "PD_SSD",
                "edition": "ENTERPRISE",
                "enable_dataplex_integration": false,
                "enable_google_ml_integration": false,
                "insights_config": [],
                "ip_configuration": [
                  {
                    "allocated_ip_range": "",
                    "authorized_networks": [],
                    "enable_private_path_for_google_cloud_services": false,
                    "ipv4_enabled": true,
                    "private_network": "",
                    "psc_config": [],
                    "require_ssl": false,
                    "server_ca_mode": "GOOGLE_MANAGED_INTERNAL_CA",
                    "ssl_mode": ""
                  }
                ],
                "location_preference": [
                  {
                    "follow_gae_application": "",
                    "secondary_zone": "",
                    "zone": "europe-west1-b"
                  }
                ],
                "maintenance_window": [],
                "password_validation_policy": [],
                "pricing_plan": "PER_USE",
                "sql_server_audit_config": [],
                "tier": "db-f1-micro",
                "time_zone": "",
                "user_labels": {},
                "version": 7
              }
            ],
            "timeouts": null
          },
          "sensitive_attributes": [],
          "private": "eyJlMmJmYjczMC1lY2FhLTExZTYtOGY4OC0zNDM2M2JjN2M0YzAiOnsiY3JlYXRlIjo1NDAwMDAwMDAwMDAwLCJkZWxldGUiOjU0MDAwMDAwMDAwMDAsInVwZGF0ZSI6NTQwMDAwMDAwMDAwMH19",
          "dependencies": [
            "module.apis.google_project_service.required"
          ]
        }
      ]
    },
    {
      "module": "module.cloud_sql",
      "mode": "managed",
      "type": "google_sql_user",
      "name": "app",
      "provider": "provider[\"registry.terraform.io/hashicorp/google\"]",
      "instances": [
        {
          "schema_version": 1,
          "attributes": {
            "deletion_policy": null,
            "host": "",
            "id": "gado_app//gado-postgres-dev-data",
            "instance": "gado-postgres-dev-data",
            "name": "gado_app",
            "password": "0uvl8wHx2ZdUWozrnBAxeoLEvYNBOKaz",
            "password_policy": [],
            "project": "pruebas-edem-dataproject3",
            "sql_server_user_details": [],
            "timeouts": null,
            "type": ""
          },
          "sensitive_attributes": [
            [
              {
                "type": "get_attr",
                "value": "password"
              }
            ]
          ],
          "private": "eyJlMmJmYjczMC1lY2FhLTExZTYtOGY4OC0zNDM2M2JjN2M0YzAiOnsiY3JlYXRlIjo2MDAwMDAwMDAwMDAsImRlbGV0ZSI6NjAwMDAwMDAwMDAwLCJ1cGRhdGUiOjYwMDAwMDAwMDAwMH0sInNjaGVtYV92ZXJzaW9uIjoiMSJ9",
          "dependencies": [
            "module.apis.google_project_service.required",
            "module.cloud_sql.google_sql_database_instance.main",
            "module.cloud_sql.random_password.db_password"
          ]
        }
      ]
    },
    {
      "module": "module.cloud_sql",
      "mode": "managed",
      "type": "random_password",
      "name": "db_password",
      "provider": "provider[\"registry.terraform.io/hashicorp/random\"]",
      "instances": [
        {
          "schema_version": 3,
          "attributes": {
            "bcrypt_hash": "$2a$10$s1BnKoAB8o6rpB.XSjAMeepXpLyN7daFiNoRsCUvgdvM0QQEz7RUy",
            "id": "none",
            "keepers": null,
            "length": 32,
            "lower": true,
            "min_lower": 0,
            "min_numeric": 0,
            "min_special": 0,
            "min_upper": 0,
            "number": true,
            "numeric": true,
            "override_special": null,
            "result": "0uvl8wHx2ZdUWozrnBAxeoLEvYNBOKaz",
            "special": false,
            "upper": true
          },
          "sensitive_attributes": [],
          "dependencies": [
            "module.apis.google_project_service.required"
          ]
        }
      ]
    },
    {
      "module": "module.iam",
      "mode": "managed",
      "type": "google_cloud_run_v2_service_iam_member",
      "name": "public_invoker",
      "provider": "provider[\"registry.terraform.io/hashicorp/google\"]",
      "instances": [
        {
          "schema_version": 0,
          "attributes": {
            "condition": [],
            "etag": "BwZPDFJu8L0=",
            "id": "projects/pruebas-edem-dataproject3/locations/europe-west1/services/restaurant-api-dev-data/roles/run.invoker/allUsers",
            "location": "europe-west1",
            "member": "allUsers",
            "name": "projects/pruebas-edem-dataproject3/locations/europe-west1/services/restaurant-api-dev-data",
            "project": "pruebas-edem-dataproject3",
            "role": "roles/run.invoker"
          },
          "sensitive_attributes": [],
          "private": "bnVsbA==",
          "dependencies": [
            "data.terraform_remote_state.shared",
            "module.apis.google_project_service.required",
            "module.cloud_run.google_cloud_run_v2_service.api",
            "module.cloud_run.google_service_account.cloud_run",
            "module.cloud_sql.google_secret_manager_secret.database_url",
            "module.cloud_sql.google_secret_manager_secret_version.database_url",
            "module.cloud_sql.google_sql_database.gado",
            "module.cloud_sql.google_sql_database_instance.main",
            "module.cloud_sql.google_sql_user.app",
            "module.cloud_sql.random_password.db_password"
          ]
        }
      ]
    },
    {
      "module": "module.iam",
      "mode": "managed",
      "type": "google_project_iam_member",
      "name": "cloudsql_client",
      "provider": "provider[\"registry.terraform.io/hashicorp/google\"]",
      "instances": [
        {
          "schema_version": 0,
          "attributes": {
            "condition": [],
            "etag": "BwZPDKg+Wps=",
            "id": "pruebas-edem-dataproject3/roles/cloudsql.client/serviceAccount:cloud-run-api@pruebas-edem-dataproject3.iam.gserviceaccount.com",
            "member": "serviceAccount:cloud-run-api@pruebas-edem-dataproject3.iam.gserviceaccount.com",
            "project": "pruebas-edem-dataproject3",
            "role": "roles/cloudsql.client"
          },
          "sensitive_attributes": [],
          "private": "bnVsbA=="
        }
      ]
    },
    {
      "module": "module.iam",
      "mode": "managed",
      "type": "google_project_iam_member",
      "name": "secret_accessor",
      "provider": "provider[\"registry.terraform.io/hashicorp/google\"]",
      "instances": [
        {
          "schema_version": 0,
          "attributes": {
            "condition": [],
            "etag": "BwZPDKg+Wps=",
            "id": "pruebas-edem-dataproject3/roles/secretmanager.secretAccessor/serviceAccount:cloud-run-api@pruebas-edem-dataproject3.iam.gserviceaccount.com",
            "member": "serviceAccount:cloud-run-api@pruebas-edem-dataproject3.iam.gserviceaccount.com",
            "project": "pruebas-edem-dataproject3",
            "role": "roles/secretmanager.secretAccessor"
          },
          "sensitive_attributes": [],
          "private": "bnVsbA=="
        }
      ]
    },
    {
      "module": "module.registry_frontend",
      "mode": "managed",
      "type": "google_artifact_registry_repository",
      "name": "frontend",
      "provider": "provider[\"registry.terraform.io/hashicorp/google\"]",
      "instances": [
        {
          "schema_version": 0,
          "attributes": {
            "cleanup_policies": [],
            "cleanup_policy_dry_run": false,
            "create_time": "2026-04-09T23:09:49.504774Z",
            "description": "",
            "docker_config": [],
            "effective_labels": {},
            "format": "DOCKER",
            "id": "projects/pruebas-edem-dataproject3/locations/europe-west1/repositories/frontend-dev-data",
            "kms_key_name": "",
            "labels": {},
            "location": "europe-west1",
            "maven_config": [],
            "mode": "STANDARD_REPOSITORY",
            "name": "frontend-dev-data",
            "project": "pruebas-edem-dataproject3",
            "remote_repository_config": [],
            "repository_id": "frontend-dev-data",
            "terraform_labels": {},
            "timeouts": null,
            "update_time": "2026-04-09T23:12:33.410051Z",
            "virtual_repository_config": []
          },
          "sensitive_attributes": [],
          "private": "eyJlMmJmYjczMC1lY2FhLTExZTYtOGY4OC0zNDM2M2JjN2M0YzAiOnsiY3JlYXRlIjoxMjAwMDAwMDAwMDAwLCJkZWxldGUiOjEyMDAwMDAwMDAwMDAsInVwZGF0ZSI6MTIwMDAwMDAwMDAwMH19",
          "dependencies": [
            "data.terraform_remote_state.shared",
            "module.apis.google_project_service.required",
            "module.cloud_run.google_cloud_run_v2_service.api",
            "module.cloud_run.google_service_account.cloud_run",
            "module.cloud_sql.google_secret_manager_secret.database_url",
            "module.cloud_sql.google_secret_manager_secret_version.database_url",
            "module.cloud_sql.google_sql_database.gado",
            "module.cloud_sql.google_sql_database_instance.main",
            "module.cloud_sql.google_sql_user.app",
            "module.cloud_sql.random_password.db_password"
          ]
        }
      ]
    },
    {
      "module": "module.registry_frontend",
      "mode": "managed",
      "type": "null_resource",
      "name": "docker_build_push",
      "provider": "provider[\"registry.terraform.io/hashicorp/null\"]",
      "instances": [
        {
          "schema_version": 0,
          "attributes": {
            "id": "6838199852698437663",
            "triggers": {
              "backend_url": "https://restaurant-api-dev-data-gcfbpra65a-ew.a.run.app",
              "src_hash": "46914bd6f982f500467ba71a19edcbebac85b0bbb5b3378bb61de5f388f961ea"
            }
          },
          "sensitive_attributes": [],
          "dependencies": [
            "data.google_secret_manager_secret_version.firebase_api_key",
            "data.google_secret_manager_secret_version.firebase_app_id",
            "data.google_secret_manager_secret_version.firebase_auth_domain",
            "data.google_secret_manager_secret_version.firebase_messaging_sender_id",
            "data.google_secret_manager_secret_version.firebase_storage_bucket",
            "data.terraform_remote_state.shared",
            "module.apis.google_project_service.required",
            "module.cloud_run.google_cloud_run_v2_service.api",
            "module.cloud_run.google_service_account.cloud_run",
            "module.cloud_sql.google_secret_manager_secret.database_url",
            "module.cloud_sql.google_secret_manager_secret_version.database_url",
            "module.cloud_sql.google_sql_database.gado",
            "module.cloud_sql.google_sql_database_instance.main",
            "module.cloud_sql.google_sql_user.app",
            "module.cloud_sql.random_password.db_password",
            "module.registry_frontend.google_artifact_registry_repository.frontend"
          ]
        }
      ]
    }
  ],
  "check_results": null
}
